// !$*UTF8*$!
{
	archiveVersion = 1;
	classes = {
	};
	objectVersion = 56;
	objects = {

/* Begin PBXBuildFile section */
		6D0153DD2D9706E200E443C2 /* AuthModels.swift in Sources */ = {isa = PBXBuildFile; fileRef = 6D0153DC2D9706E200E443C2 /* AuthModels.swift */; };
		6D0153E02D970D0D00E443C2 /* ProfileVC.swift in Sources */ = {isa = PBXBuildFile; fileRef = 6D0153DF2D970D0D00E443C2 /* ProfileVC.swift */; };
		6D0153E42D971A1A00E443C2 /* URL+Ext.swift in Sources */ = {isa = PBXBuildFile; fileRef = 6D0153E32D971A1A00E443C2 /* URL+Ext.swift */; };
		6D06C0992D8AEB81007F01E1 /* PersonModel.swift in Sources */ = {isa = PBXBuildFile; fileRef = 6D06C0982D8AEB81007F01E1 /* PersonModel.swift */; };
		6D06C09C2D8AECA3007F01E1 /* PersonDetailsView.swift in Sources */ = {isa = PBXBuildFile; fileRef = 6D06C09B2D8AECA3007F01E1 /* PersonDetailsView.swift */; };
		6D06C0A12D8AED4A007F01E1 /* PersonDetailsVC.swift in Sources */ = {isa = PBXBuildFile; fileRef = 6D06C0A02D8AED4A007F01E1 /* PersonDetailsVC.swift */; };
		6D06C0A32D8AEDE2007F01E1 /* PersonDetailsViewModel.swift in Sources */ = {isa = PBXBuildFile; fileRef = 6D06C0A22D8AEDE2007F01E1 /* PersonDetailsViewModel.swift */; };
		6D06C0A62D8AF1E7007F01E1 /* ShowDetailsFlowDelegate.swift in Sources */ = {isa = PBXBuildFile; fileRef = 6D06C0A52D8AF1E7007F01E1 /* ShowDetailsFlowDelegate.swift */; };
		6D0726772D985FC700CB6C40 /* UserModel.swift in Sources */ = {isa = PBXBuildFile; fileRef = 6D0726762D985FC700CB6C40 /* UserModel.swift */; };
		6D0726792D98994100CB6C40 /* FavoriteService.swift in Sources */ = {isa = PBXBuildFile; fileRef = 6D0726782D98994100CB6C40 /* FavoriteService.swift */; };
		6D10A3722D6BAB1400F3FF7A /* UIView+Ext.swift in Sources */ = {isa = PBXBuildFile; fileRef = 6D10A3712D6BAB1400F3FF7A /* UIView+Ext.swift */; };
		6D112A502D94234A00D971A7 /* SearchViewModel.swift in Sources */ = {isa = PBXBuildFile; fileRef = 6D112A4F2D94234A00D971A7 /* SearchViewModel.swift */; };
		6D112A532D94297300D971A7 /* MWLSearchResultCollectionViewCell.swift in Sources */ = {isa = PBXBuildFile; fileRef = 6D112A522D94297300D971A7 /* MWLSearchResultCollectionViewCell.swift */; };
		6D112A572D942B6600D971A7 /* UIHelper.swift in Sources */ = {isa = PBXBuildFile; fileRef = 6D112A562D942B6600D971A7 /* UIHelper.swift */; };
		6D1F07402D949173002EEF4C /* PresentShowDetailsProtocol.swift in Sources */ = {isa = PBXBuildFile; fileRef = 6D1F073F2D949173002EEF4C /* PresentShowDetailsProtocol.swift */; };
		6D1F07422D949219002EEF4C /* PresentPersonDetailsProtocol.swift in Sources */ = {isa = PBXBuildFile; fileRef = 6D1F07412D949219002EEF4C /* PresentPersonDetailsProtocol.swift */; };
		6D1F07442D9495A4002EEF4C /* PresentVideoPlayerProtocol.swift in Sources */ = {isa = PBXBuildFile; fileRef = 6D1F07432D9495A4002EEF4C /* PresentVideoPlayerProtocol.swift */; };
		6D1F07462D94C872002EEF4C /* BannerDelegate.swift in Sources */ = {isa = PBXBuildFile; fileRef = 6D1F07452D94C872002EEF4C /* BannerDelegate.swift */; };
		6D1F07482D94CD7B002EEF4C /* PersistenceManager.swift in Sources */ = {isa = PBXBuildFile; fileRef = 6D1F07472D94CD7B002EEF4C /* PersistenceManager.swift */; };
		6D1F074A2D94D5A8002EEF4C /* MediaModel.swift in Sources */ = {isa = PBXBuildFile; fileRef = 6D1F07492D94D5A8002EEF4C /* MediaModel.swift */; };
		6D1F074F2D94D7F9002EEF4C /* MWLUsersMediaListView.swift in Sources */ = {isa = PBXBuildFile; fileRef = 6D1F074E2D94D7F9002EEF4C /* MWLUsersMediaListView.swift */; };
		6D1F07512D94D8DA002EEF4C /* MWLUsersMediaViewModel.swift in Sources */ = {isa = PBXBuildFile; fileRef = 6D1F07502D94D8DA002EEF4C /* MWLUsersMediaViewModel.swift */; };
		6D2485082D9F52BF00A56FF2 /* LoginViewModel.swift in Sources */ = {isa = PBXBuildFile; fileRef = 6D2485072D9F52BF00A56FF2 /* LoginViewModel.swift */; };
		6D59CAB12D89A48000AB1ACA /* MWLCastCollectionView.swift in Sources */ = {isa = PBXBuildFile; fileRef = 6D59CAB02D89A48000AB1ACA /* MWLCastCollectionView.swift */; };
		6D59CAB32D89AE0300AB1ACA /* MWLVideosCollectionView.swift in Sources */ = {isa = PBXBuildFile; fileRef = 6D59CAB22D89AE0300AB1ACA /* MWLVideosCollectionView.swift */; };
		6D59CAB52D89AE6400AB1ACA /* VideosModel.swift in Sources */ = {isa = PBXBuildFile; fileRef = 6D59CAB42D89AE6400AB1ACA /* VideosModel.swift */; };
		6D5B82952D8A0546003C1695 /* MWLThumbViewCell.swift in Sources */ = {isa = PBXBuildFile; fileRef = 6D5B82942D8A0546003C1695 /* MWLThumbViewCell.swift */; };
		6D63B6EE2D85DC57002E2136 /* MovieListDelegate.swift in Sources */ = {isa = PBXBuildFile; fileRef = 6D63B6ED2D85DC57002E2136 /* MovieListDelegate.swift */; };
		6D63B6F22D85E598002E2136 /* ViewControllersFactoryProtocol.swift in Sources */ = {isa = PBXBuildFile; fileRef = 6D63B6F12D85E598002E2136 /* ViewControllersFactoryProtocol.swift */; };
		6D63B6F42D85E6B7002E2136 /* ViewControllersFactory.swift in Sources */ = {isa = PBXBuildFile; fileRef = 6D63B6F32D85E6B7002E2136 /* ViewControllersFactory.swift */; };
		6D63B6F62D85E893002E2136 /* TabBarFlowDelegate.swift in Sources */ = {isa = PBXBuildFile; fileRef = 6D63B6F52D85E893002E2136 /* TabBarFlowDelegate.swift */; };
		6D66DF442D99E00C00934FB1 /* MWLPageViewVC.swift in Sources */ = {isa = PBXBuildFile; fileRef = 6D66DF432D99E00C00934FB1 /* MWLPageViewVC.swift */; };
		6D67AD122D84D76100CE18F6 /* ShowService.swift in Sources */ = {isa = PBXBuildFile; fileRef = 6D67AD112D84D76100CE18F6 /* ShowService.swift */; };
		6D67AD142D84DABC00CE18F6 /* ShowResponseModel.swift in Sources */ = {isa = PBXBuildFile; fileRef = 6D67AD132D84DABC00CE18F6 /* ShowResponseModel.swift */; };
		6D67AD162D84DCD900CE18F6 /* ShowViewModel.swift in Sources */ = {isa = PBXBuildFile; fileRef = 6D67AD152D84DCD900CE18F6 /* ShowViewModel.swift */; };
		6D69FD3D2D9D553500E5953A /* MWLButton.swift in Sources */ = {isa = PBXBuildFile; fileRef = 6D69FD3C2D9D553500E5953A /* MWLButton.swift */; };
		6D69FD402D9D64DB00E5953A /* LoginView.swift in Sources */ = {isa = PBXBuildFile; fileRef = 6D69FD3F2D9D64DB00E5953A /* LoginView.swift */; };
		6D7D8B7A2D956F37001BAC07 /* FavoriteModel.swift in Sources */ = {isa = PBXBuildFile; fileRef = 6D7D8B792D956F37001BAC07 /* FavoriteModel.swift */; };
		6D7E1B242D9071C2008FE265 /* MWLDataLoadingVC.swift in Sources */ = {isa = PBXBuildFile; fileRef = 6D7E1B232D9071C2008FE265 /* MWLDataLoadingVC.swift */; };
		6D838E3A2D6BB7D20034162D /* BannerVC.swift in Sources */ = {isa = PBXBuildFile; fileRef = 6D838E392D6BB7D20034162D /* BannerVC.swift */; };
		6D838E3C2D6BBADA0034162D /* MovieListVC.swift in Sources */ = {isa = PBXBuildFile; fileRef = 6D838E3B2D6BBADA0034162D /* MovieListVC.swift */; };
		6D838E402D6BBD760034162D /* ShowCollectionViewCell.swift in Sources */ = {isa = PBXBuildFile; fileRef = 6D838E3F2D6BBD760034162D /* ShowCollectionViewCell.swift */; };
		6D8F05A92D628D5500FBBE4D /* AppDelegate.swift in Sources */ = {isa = PBXBuildFile; fileRef = 6D8F05A82D628D5500FBBE4D /* AppDelegate.swift */; };
		6D8F05AB2D628D5500FBBE4D /* SceneDelegate.swift in Sources */ = {isa = PBXBuildFile; fileRef = 6D8F05AA2D628D5500FBBE4D /* SceneDelegate.swift */; };
		6D8F05B22D628D5700FBBE4D /* Assets.xcassets in Resources */ = {isa = PBXBuildFile; fileRef = 6D8F05B12D628D5700FBBE4D /* Assets.xcassets */; };
		6D8F05B52D628D5700FBBE4D /* Base in Resources */ = {isa = PBXBuildFile; fileRef = 6D8F05B42D628D5700FBBE4D /* Base */; };
		6D8F05C42D62941000FBBE4D /* SplashVC.swift in Sources */ = {isa = PBXBuildFile; fileRef = 6D8F05C32D62941000FBBE4D /* SplashVC.swift */; };
		6D8F05C62D62942C00FBBE4D /* SplashView.swift in Sources */ = {isa = PBXBuildFile; fileRef = 6D8F05C52D62942C00FBBE4D /* SplashView.swift */; };
		6D8F05C92D62947300FBBE4D /* UIViewController+Ext.swift in Sources */ = {isa = PBXBuildFile; fileRef = 6D8F05C82D62947300FBBE4D /* UIViewController+Ext.swift */; };
		6D8F05CC2D6294E000FBBE4D /* MWLFlowCoordinator.swift in Sources */ = {isa = PBXBuildFile; fileRef = 6D8F05CB2D6294E000FBBE4D /* MWLFlowCoordinator.swift */; };
		6D903D972DA1A16E00ED47B9 /* MediaListVC.swift in Sources */ = {isa = PBXBuildFile; fileRef = 6D903D962DA1A16E00ED47B9 /* MediaListVC.swift */; };
		6D903D9B2DA1A19500ED47B9 /* MediaListView.swift in Sources */ = {isa = PBXBuildFile; fileRef = 6D903D9A2DA1A19500ED47B9 /* MediaListView.swift */; };
		6D903D9E2DA1A36C00ED47B9 /* MediaListViewModel.swift in Sources */ = {isa = PBXBuildFile; fileRef = 6D903D9D2DA1A36C00ED47B9 /* MediaListViewModel.swift */; };
		6D903DA02DA1A3F700ED47B9 /* PersonService.swift in Sources */ = {isa = PBXBuildFile; fileRef = 6D903D9F2DA1A3F700ED47B9 /* PersonService.swift */; };
		6D903DA32DA1C5A100ED47B9 /* MediaListFlowDelegate.swift in Sources */ = {isa = PBXBuildFile; fileRef = 6D903DA22DA1C5A100ED47B9 /* MediaListFlowDelegate.swift */; };
		6D903DA52DA1D2AB00ED47B9 /* PresentMediaListProtocol.swift in Sources */ = {isa = PBXBuildFile; fileRef = 6D903DA42DA1D2AA00ED47B9 /* PresentMediaListProtocol.swift */; };
		6D95782A2D99DB0500446066 /* MediaStatesModel.swift in Sources */ = {isa = PBXBuildFile; fileRef = 6D9578292D99DB0500446066 /* MediaStatesModel.swift */; };
		6D98DFEB2D91A4A000334F27 /* Int+Ext.swift in Sources */ = {isa = PBXBuildFile; fileRef = 6D98DFEA2D91A4A000334F27 /* Int+Ext.swift */; };
		6DA651E12D9CB3B400A7587B /* BannerService.swift in Sources */ = {isa = PBXBuildFile; fileRef = 6DA651E02D9CB3B400A7587B /* BannerService.swift */; };
		6DA651E62D9CB47D00A7587B /* BannerViewModel.swift in Sources */ = {isa = PBXBuildFile; fileRef = 6DA651E52D9CB47D00A7587B /* BannerViewModel.swift */; };
		6DAB69252D884AA400ABC2A8 /* ShowDetailsModel.swift in Sources */ = {isa = PBXBuildFile; fileRef = 6DAB69242D884AA400ABC2A8 /* ShowDetailsModel.swift */; };
		6DABC6782D8E1B4600C4D609 /* SearchVC.swift in Sources */ = {isa = PBXBuildFile; fileRef = 6DABC6772D8E1B4600C4D609 /* SearchVC.swift */; };
		6DABC67A2D8E1B8D00C4D609 /* SearchView.swift in Sources */ = {isa = PBXBuildFile; fileRef = 6DABC6792D8E1B8D00C4D609 /* SearchView.swift */; };
		6DAE01182D9EB1560065824D /* RatingView.swift in Sources */ = {isa = PBXBuildFile; fileRef = 6DAE01172D9EB1560065824D /* RatingView.swift */; };
		6DAE011B2D9EBD510065824D /* PresentLoginProtocol.swift in Sources */ = {isa = PBXBuildFile; fileRef = 6DAE011A2D9EBD510065824D /* PresentLoginProtocol.swift */; };
		6DAE011D2D9ED33F0065824D /* Float+Ext.swift in Sources */ = {isa = PBXBuildFile; fileRef = 6DAE011C2D9ED33F0065824D /* Float+Ext.swift */; };
		6DAE01202D9F05930065824D /* RatedListPageViewVC.swift in Sources */ = {isa = PBXBuildFile; fileRef = 6DAE011F2D9F05930065824D /* RatedListPageViewVC.swift */; };
		6DAE01222D9F06070065824D /* RatedService.swift in Sources */ = {isa = PBXBuildFile; fileRef = 6DAE01212D9F06070065824D /* RatedService.swift */; };
		6DAE01272D9F2B470065824D /* ResetAppProtocol.swift in Sources */ = {isa = PBXBuildFile; fileRef = 6DAE01262D9F2B470065824D /* ResetAppProtocol.swift */; };
		6DB0A71A2D88D061002A57BD /* PersonAvatar.swift in Sources */ = {isa = PBXBuildFile; fileRef = 6DB0A7192D88D061002A57BD /* PersonAvatar.swift */; };
		6DB0A71D2D88D317002A57BD /* MWLCastViewCell.swift in Sources */ = {isa = PBXBuildFile; fileRef = 6DB0A71C2D88D317002A57BD /* MWLCastViewCell.swift */; };
		6DB0AF792D9DE11D00E86959 /* RatingVC.swift in Sources */ = {isa = PBXBuildFile; fileRef = 6DB0AF782D9DE11C00E86959 /* RatingVC.swift */; };
		6DB3166E2D9C047700467CE3 /* FavoritesPageViewVC.swift in Sources */ = {isa = PBXBuildFile; fileRef = 6DB3166D2D9C047700467CE3 /* FavoritesPageViewVC.swift */; };
		6DB316712D9C08FF00467CE3 /* MWLUsersMediaListVC.swift in Sources */ = {isa = PBXBuildFile; fileRef = 6DB316702D9C08FF00467CE3 /* MWLUsersMediaListVC.swift */; };
		6DB316792D9C0FFF00467CE3 /* WatchListPageViewVC.swift in Sources */ = {isa = PBXBuildFile; fileRef = 6DB316782D9C0FFF00467CE3 /* WatchListPageViewVC.swift */; };
		6DB3167E2D9C21F700467CE3 /* ShowDetailsService.swift in Sources */ = {isa = PBXBuildFile; fileRef = 6DB3167D2D9C21F700467CE3 /* ShowDetailsService.swift */; };
		6DB816552D7E5767005CE913 /* ShowDetailsVC.swift in Sources */ = {isa = PBXBuildFile; fileRef = 6DB816542D7E5767005CE913 /* ShowDetailsVC.swift */; };
		6DB816572D7E681C005CE913 /* ShowDetailsView.swift in Sources */ = {isa = PBXBuildFile; fileRef = 6DB816562D7E681C005CE913 /* ShowDetailsView.swift */; };
		6DB9DF0E2D8758790038D604 /* CreditsModel.swift in Sources */ = {isa = PBXBuildFile; fileRef = 6DB9DF0D2D8758790038D604 /* CreditsModel.swift */; };
		6DB9DF102D875FDE0038D604 /* ShowDetailsViewModel.swift in Sources */ = {isa = PBXBuildFile; fileRef = 6DB9DF0F2D875FDE0038D604 /* ShowDetailsViewModel.swift */; };
		6DC349C22D9D7D4400AC2C6A /* MWLBaseViewController.swift in Sources */ = {isa = PBXBuildFile; fileRef = 6DC349C12D9D7D4400AC2C6A /* MWLBaseViewController.swift */; };
		6DC349C42D9D9DD700AC2C6A /* ConfettiAnimation.json in Resources */ = {isa = PBXBuildFile; fileRef = 6DC349C32D9D9DD700AC2C6A /* ConfettiAnimation.json */; };
		6DC349C82D9D9FDF00AC2C6A /* MWLSuccessLoginVC.swift in Sources */ = {isa = PBXBuildFile; fileRef = 6DC349C72D9D9FDF00AC2C6A /* MWLSuccessLoginVC.swift */; };
		6DC349CA2D9DA6FA00AC2C6A /* TopRatedShowListVC.swift in Sources */ = {isa = PBXBuildFile; fileRef = 6DC349C92D9DA6FA00AC2C6A /* TopRatedShowListVC.swift */; };
		6DC349CC2D9DA7A500AC2C6A /* OnTheAirShowListVC.swift in Sources */ = {isa = PBXBuildFile; fileRef = 6DC349CB2D9DA7A500AC2C6A /* OnTheAirShowListVC.swift */; };
		6DC349CE2D9DA7D700AC2C6A /* PlayingNowMovieListVC.swift in Sources */ = {isa = PBXBuildFile; fileRef = 6DC349CD2D9DA7D700AC2C6A /* PlayingNowMovieListVC.swift */; };
		6DC349D02D9DA82500AC2C6A /* UpcomingMoviesListVC.swift in Sources */ = {isa = PBXBuildFile; fileRef = 6DC349CF2D9DA82500AC2C6A /* UpcomingMoviesListVC.swift */; };
		6DC349D32D9DC3F100AC2C6A /* LoginVC.swift in Sources */ = {isa = PBXBuildFile; fileRef = 6DC349D22D9DC3F100AC2C6A /* LoginVC.swift */; };
		6DC532B72D97948800E15FE0 /* ProfileView.swift in Sources */ = {isa = PBXBuildFile; fileRef = 6DC532B62D97948800E15FE0 /* ProfileView.swift */; };
		6DC532B92D97949D00E15FE0 /* ProfileViewModel.swift in Sources */ = {isa = PBXBuildFile; fileRef = 6DC532B82D97949D00E15FE0 /* ProfileViewModel.swift */; };
		6DC532BB2D9795D000E15FE0 /* AuthService.swift in Sources */ = {isa = PBXBuildFile; fileRef = 6DC532BA2D9795D000E15FE0 /* AuthService.swift */; };
		6DC532BE2D97961B00E15FE0 /* Constants.swift in Sources */ = {isa = PBXBuildFile; fileRef = 6DC532BD2D97961B00E15FE0 /* Constants.swift */; };
		6DC532C02D97970A00E15FE0 /* RequestService.swift in Sources */ = {isa = PBXBuildFile; fileRef = 6DC532BF2D97970A00E15FE0 /* RequestService.swift */; };
		6DC585F72D8C37E200DA03AA /* String+Ext.swift in Sources */ = {isa = PBXBuildFile; fileRef = 6DC585F62D8C37E200DA03AA /* String+Ext.swift */; };
		6DC585FA2D8C3E9A00DA03AA /* MWLCreditsCollectionView.swift in Sources */ = {isa = PBXBuildFile; fileRef = 6DC585F92D8C3E9A00DA03AA /* MWLCreditsCollectionView.swift */; };
		6DC585FD2D8C46A000DA03AA /* PersonDetailsFlowDelegate.swift in Sources */ = {isa = PBXBuildFile; fileRef = 6DC585FC2D8C46A000DA03AA /* PersonDetailsFlowDelegate.swift */; };
		6DC586012D8C510400DA03AA /* UILabel+Ext.swift in Sources */ = {isa = PBXBuildFile; fileRef = 6DC586002D8C510400DA03AA /* UILabel+Ext.swift */; };
		6DC586032D8C564B00DA03AA /* VideoPlayerViewController.swift in Sources */ = {isa = PBXBuildFile; fileRef = 6DC586022D8C564B00DA03AA /* VideoPlayerViewController.swift */; };
		6DC586062D8C802700DA03AA /* MWLImagesCollectionView.swift in Sources */ = {isa = PBXBuildFile; fileRef = 6DC586052D8C802700DA03AA /* MWLImagesCollectionView.swift */; };
		6DC586082D8C809E00DA03AA /* MWLImageViewCell.swift in Sources */ = {isa = PBXBuildFile; fileRef = 6DC586072D8C809E00DA03AA /* MWLImageViewCell.swift */; };
		6DC5860A2D8C8F0400DA03AA /* UICollectionView+Ext.swift in Sources */ = {isa = PBXBuildFile; fileRef = 6DC586092D8C8F0400DA03AA /* UICollectionView+Ext.swift */; };
		6DC5860E2D8CAE1E00DA03AA /* FullScreenImageViewVC.swift in Sources */ = {isa = PBXBuildFile; fileRef = 6DC5860D2D8CAE1E00DA03AA /* FullScreenImageViewVC.swift */; };
		6DC586102D8CB23E00DA03AA /* FullScreenImageProtocol.swift in Sources */ = {isa = PBXBuildFile; fileRef = 6DC5860F2D8CB23E00DA03AA /* FullScreenImageProtocol.swift */; };
		6DC586132D8CB59C00DA03AA /* MWLProducersCollectionView.swift in Sources */ = {isa = PBXBuildFile; fileRef = 6DC586122D8CB59C00DA03AA /* MWLProducersCollectionView.swift */; };
		6DC586152D8CB95500DA03AA /* MWLProducerViewCell.swift in Sources */ = {isa = PBXBuildFile; fileRef = 6DC586142D8CB95500DA03AA /* MWLProducerViewCell.swift */; };
		6DCD6C872D9B47BB00A5A7FC /* WatchListService.swift in Sources */ = {isa = PBXBuildFile; fileRef = 6DCD6C862D9B47BB00A5A7FC /* WatchListService.swift */; };
		6DCEF80A2D752AB800864888 /* ImageService.swift in Sources */ = {isa = PBXBuildFile; fileRef = 6DCEF8092D752AB800864888 /* ImageService.swift */; };
		6DE6D1FB2D75F0640062DF6F /* PopularMoviesListVC.swift in Sources */ = {isa = PBXBuildFile; fileRef = 6DE6D1FA2D75F0640062DF6F /* PopularMoviesListVC.swift */; };
		6DE6D1FE2D75F4F70062DF6F /* PopularShowsListVC.swift in Sources */ = {isa = PBXBuildFile; fileRef = 6DE6D1FD2D75F4F70062DF6F /* PopularShowsListVC.swift */; };
		6DE6D2002D75FBDD0062DF6F /* TopRatedMoviesListVC.swift in Sources */ = {isa = PBXBuildFile; fileRef = 6DE6D1FF2D75FBDD0062DF6F /* TopRatedMoviesListVC.swift */; };
		6DE6D2022D75FC0A0062DF6F /* AiringTodayShowsListVC.swift in Sources */ = {isa = PBXBuildFile; fileRef = 6DE6D2012D75FC0A0062DF6F /* AiringTodayShowsListVC.swift */; };
		6DE880732D637B1000CD56AD /* MWLTabBarController.swift in Sources */ = {isa = PBXBuildFile; fileRef = 6DE880722D637B1000CD56AD /* MWLTabBarController.swift */; };
		6DE880762D637B9600CD56AD /* HomeVC.swift in Sources */ = {isa = PBXBuildFile; fileRef = 6DE880752D637B9600CD56AD /* HomeVC.swift */; };
		6DE880782D637D8200CD56AD /* SplashFlowDelegate.swift in Sources */ = {isa = PBXBuildFile; fileRef = 6DE880772D637D8200CD56AD /* SplashFlowDelegate.swift */; };
		6DE8807A2D637ED000CD56AD /* HomeView.swift in Sources */ = {isa = PBXBuildFile; fileRef = 6DE880792D637ED000CD56AD /* HomeView.swift */; };
		6DE8807C2D637F1A00CD56AD /* UIImageView+Ext.swift in Sources */ = {isa = PBXBuildFile; fileRef = 6DE8807B2D637F1A00CD56AD /* UIImageView+Ext.swift */; };
		6DE880812D639B4400CD56AD /* EnvManager.swift in Sources */ = {isa = PBXBuildFile; fileRef = 6DE880802D639B4400CD56AD /* EnvManager.swift */; };
		6DE880862D63AB4400CD56AD /* Config.xcconfig in Resources */ = {isa = PBXBuildFile; fileRef = 6DE880852D63AB4400CD56AD /* Config.xcconfig */; };
		6DE8808B2D63ACD300CD56AD /* MWLError.swift in Sources */ = {isa = PBXBuildFile; fileRef = 6DE8808A2D63ACD300CD56AD /* MWLError.swift */; };
		6DEA84A52D63DDB500418B2B /* MWLSegmentedFilter.swift in Sources */ = {isa = PBXBuildFile; fileRef = 6DEA84A42D63DDB500418B2B /* MWLSegmentedFilter.swift */; };
		6DFBA84F2D93745A007F8DEE /* SearchResponse.swift in Sources */ = {isa = PBXBuildFile; fileRef = 6DFBA84E2D93745A007F8DEE /* SearchResponse.swift */; };
		DC25B16D40BE7DBAEC579CC2 /* Pods_My_WatchList.framework in Frameworks */ = {isa = PBXBuildFile; fileRef = 28D5E889941E046685D8AF5C /* Pods_My_WatchList.framework */; };
/* End PBXBuildFile section */

/* Begin PBXFileReference section */
		28D5E889941E046685D8AF5C /* Pods_My_WatchList.framework */ = {isa = PBXFileReference; explicitFileType = wrapper.framework; includeInIndex = 0; path = Pods_My_WatchList.framework; sourceTree = BUILT_PRODUCTS_DIR; };
		6D0153DC2D9706E200E443C2 /* AuthModels.swift */ = {isa = PBXFileReference; lastKnownFileType = sourcecode.swift; path = AuthModels.swift; sourceTree = "<group>"; };
		6D0153DF2D970D0D00E443C2 /* ProfileVC.swift */ = {isa = PBXFileReference; lastKnownFileType = sourcecode.swift; path = ProfileVC.swift; sourceTree = "<group>"; };
		6D0153E32D971A1A00E443C2 /* URL+Ext.swift */ = {isa = PBXFileReference; lastKnownFileType = sourcecode.swift; path = "URL+Ext.swift"; sourceTree = "<group>"; };
		6D06C0982D8AEB81007F01E1 /* PersonModel.swift */ = {isa = PBXFileReference; lastKnownFileType = sourcecode.swift; path = PersonModel.swift; sourceTree = "<group>"; };
		6D06C09B2D8AECA3007F01E1 /* PersonDetailsView.swift */ = {isa = PBXFileReference; lastKnownFileType = sourcecode.swift; path = PersonDetailsView.swift; sourceTree = "<group>"; };
		6D06C0A02D8AED4A007F01E1 /* PersonDetailsVC.swift */ = {isa = PBXFileReference; lastKnownFileType = sourcecode.swift; path = PersonDetailsVC.swift; sourceTree = "<group>"; };
		6D06C0A22D8AEDE2007F01E1 /* PersonDetailsViewModel.swift */ = {isa = PBXFileReference; lastKnownFileType = sourcecode.swift; path = PersonDetailsViewModel.swift; sourceTree = "<group>"; };
		6D06C0A52D8AF1E7007F01E1 /* ShowDetailsFlowDelegate.swift */ = {isa = PBXFileReference; lastKnownFileType = sourcecode.swift; path = ShowDetailsFlowDelegate.swift; sourceTree = "<group>"; };
		6D0726762D985FC700CB6C40 /* UserModel.swift */ = {isa = PBXFileReference; lastKnownFileType = sourcecode.swift; path = UserModel.swift; sourceTree = "<group>"; };
		6D0726782D98994100CB6C40 /* FavoriteService.swift */ = {isa = PBXFileReference; lastKnownFileType = sourcecode.swift; path = FavoriteService.swift; sourceTree = "<group>"; };
		6D10A3712D6BAB1400F3FF7A /* UIView+Ext.swift */ = {isa = PBXFileReference; lastKnownFileType = sourcecode.swift; path = "UIView+Ext.swift"; sourceTree = "<group>"; };
		6D112A4F2D94234A00D971A7 /* SearchViewModel.swift */ = {isa = PBXFileReference; lastKnownFileType = sourcecode.swift; path = SearchViewModel.swift; sourceTree = "<group>"; };
		6D112A522D94297300D971A7 /* MWLSearchResultCollectionViewCell.swift */ = {isa = PBXFileReference; lastKnownFileType = sourcecode.swift; path = MWLSearchResultCollectionViewCell.swift; sourceTree = "<group>"; };
		6D112A562D942B6600D971A7 /* UIHelper.swift */ = {isa = PBXFileReference; lastKnownFileType = sourcecode.swift; path = UIHelper.swift; sourceTree = "<group>"; };
		6D1F073F2D949173002EEF4C /* PresentShowDetailsProtocol.swift */ = {isa = PBXFileReference; lastKnownFileType = sourcecode.swift; path = PresentShowDetailsProtocol.swift; sourceTree = "<group>"; };
		6D1F07412D949219002EEF4C /* PresentPersonDetailsProtocol.swift */ = {isa = PBXFileReference; lastKnownFileType = sourcecode.swift; path = PresentPersonDetailsProtocol.swift; sourceTree = "<group>"; };
		6D1F07432D9495A4002EEF4C /* PresentVideoPlayerProtocol.swift */ = {isa = PBXFileReference; lastKnownFileType = sourcecode.swift; path = PresentVideoPlayerProtocol.swift; sourceTree = "<group>"; };
		6D1F07452D94C872002EEF4C /* BannerDelegate.swift */ = {isa = PBXFileReference; lastKnownFileType = sourcecode.swift; path = BannerDelegate.swift; sourceTree = "<group>"; };
		6D1F07472D94CD7B002EEF4C /* PersistenceManager.swift */ = {isa = PBXFileReference; lastKnownFileType = sourcecode.swift; path = PersistenceManager.swift; sourceTree = "<group>"; };
		6D1F07492D94D5A8002EEF4C /* MediaModel.swift */ = {isa = PBXFileReference; lastKnownFileType = sourcecode.swift; path = MediaModel.swift; sourceTree = "<group>"; };
		6D1F074E2D94D7F9002EEF4C /* MWLUsersMediaListView.swift */ = {isa = PBXFileReference; lastKnownFileType = sourcecode.swift; path = MWLUsersMediaListView.swift; sourceTree = "<group>"; };
		6D1F07502D94D8DA002EEF4C /* MWLUsersMediaViewModel.swift */ = {isa = PBXFileReference; lastKnownFileType = sourcecode.swift; path = MWLUsersMediaViewModel.swift; sourceTree = "<group>"; };
		6D2485072D9F52BF00A56FF2 /* LoginViewModel.swift */ = {isa = PBXFileReference; lastKnownFileType = sourcecode.swift; path = LoginViewModel.swift; sourceTree = "<group>"; };
		6D59CAB02D89A48000AB1ACA /* MWLCastCollectionView.swift */ = {isa = PBXFileReference; lastKnownFileType = sourcecode.swift; path = MWLCastCollectionView.swift; sourceTree = "<group>"; };
		6D59CAB22D89AE0300AB1ACA /* MWLVideosCollectionView.swift */ = {isa = PBXFileReference; lastKnownFileType = sourcecode.swift; path = MWLVideosCollectionView.swift; sourceTree = "<group>"; };
		6D59CAB42D89AE6400AB1ACA /* VideosModel.swift */ = {isa = PBXFileReference; lastKnownFileType = sourcecode.swift; path = VideosModel.swift; sourceTree = "<group>"; };
		6D5B82942D8A0546003C1695 /* MWLThumbViewCell.swift */ = {isa = PBXFileReference; lastKnownFileType = sourcecode.swift; path = MWLThumbViewCell.swift; sourceTree = "<group>"; };
		6D63B6ED2D85DC57002E2136 /* MovieListDelegate.swift */ = {isa = PBXFileReference; lastKnownFileType = sourcecode.swift; path = MovieListDelegate.swift; sourceTree = "<group>"; };
		6D63B6F12D85E598002E2136 /* ViewControllersFactoryProtocol.swift */ = {isa = PBXFileReference; lastKnownFileType = sourcecode.swift; path = ViewControllersFactoryProtocol.swift; sourceTree = "<group>"; };
		6D63B6F32D85E6B7002E2136 /* ViewControllersFactory.swift */ = {isa = PBXFileReference; lastKnownFileType = sourcecode.swift; path = ViewControllersFactory.swift; sourceTree = "<group>"; };
		6D63B6F52D85E893002E2136 /* TabBarFlowDelegate.swift */ = {isa = PBXFileReference; lastKnownFileType = sourcecode.swift; path = TabBarFlowDelegate.swift; sourceTree = "<group>"; };
		6D66DF432D99E00C00934FB1 /* MWLPageViewVC.swift */ = {isa = PBXFileReference; lastKnownFileType = sourcecode.swift; path = MWLPageViewVC.swift; sourceTree = "<group>"; };
		6D67AD112D84D76100CE18F6 /* ShowService.swift */ = {isa = PBXFileReference; lastKnownFileType = sourcecode.swift; path = ShowService.swift; sourceTree = "<group>"; };
		6D67AD132D84DABC00CE18F6 /* ShowResponseModel.swift */ = {isa = PBXFileReference; lastKnownFileType = sourcecode.swift; path = ShowResponseModel.swift; sourceTree = "<group>"; };
		6D67AD152D84DCD900CE18F6 /* ShowViewModel.swift */ = {isa = PBXFileReference; lastKnownFileType = sourcecode.swift; path = ShowViewModel.swift; sourceTree = "<group>"; };
		6D69FD3C2D9D553500E5953A /* MWLButton.swift */ = {isa = PBXFileReference; lastKnownFileType = sourcecode.swift; path = MWLButton.swift; sourceTree = "<group>"; };
		6D69FD3F2D9D64DB00E5953A /* LoginView.swift */ = {isa = PBXFileReference; lastKnownFileType = sourcecode.swift; path = LoginView.swift; sourceTree = "<group>"; };
		6D7D8B792D956F37001BAC07 /* FavoriteModel.swift */ = {isa = PBXFileReference; lastKnownFileType = sourcecode.swift; path = FavoriteModel.swift; sourceTree = "<group>"; };
		6D7E1B232D9071C2008FE265 /* MWLDataLoadingVC.swift */ = {isa = PBXFileReference; lastKnownFileType = sourcecode.swift; path = MWLDataLoadingVC.swift; sourceTree = "<group>"; };
		6D838E392D6BB7D20034162D /* BannerVC.swift */ = {isa = PBXFileReference; lastKnownFileType = sourcecode.swift; path = BannerVC.swift; sourceTree = "<group>"; };
		6D838E3B2D6BBADA0034162D /* MovieListVC.swift */ = {isa = PBXFileReference; lastKnownFileType = sourcecode.swift; path = MovieListVC.swift; sourceTree = "<group>"; };
		6D838E3F2D6BBD760034162D /* ShowCollectionViewCell.swift */ = {isa = PBXFileReference; lastKnownFileType = sourcecode.swift; path = ShowCollectionViewCell.swift; sourceTree = "<group>"; };
		6D8F05A52D628D5500FBBE4D /* My WatchList.app */ = {isa = PBXFileReference; explicitFileType = wrapper.application; includeInIndex = 0; path = "My WatchList.app"; sourceTree = BUILT_PRODUCTS_DIR; };
		6D8F05A82D628D5500FBBE4D /* AppDelegate.swift */ = {isa = PBXFileReference; lastKnownFileType = sourcecode.swift; path = AppDelegate.swift; sourceTree = "<group>"; };
		6D8F05AA2D628D5500FBBE4D /* SceneDelegate.swift */ = {isa = PBXFileReference; lastKnownFileType = sourcecode.swift; path = SceneDelegate.swift; sourceTree = "<group>"; };
		6D8F05B12D628D5700FBBE4D /* Assets.xcassets */ = {isa = PBXFileReference; lastKnownFileType = folder.assetcatalog; path = Assets.xcassets; sourceTree = "<group>"; };
		6D8F05B42D628D5700FBBE4D /* Base */ = {isa = PBXFileReference; lastKnownFileType = file.storyboard; name = Base; path = Base.lproj/LaunchScreen.storyboard; sourceTree = "<group>"; };
		6D8F05B62D628D5700FBBE4D /* Info.plist */ = {isa = PBXFileReference; lastKnownFileType = text.plist.xml; path = Info.plist; sourceTree = "<group>"; };
		6D8F05C32D62941000FBBE4D /* SplashVC.swift */ = {isa = PBXFileReference; lastKnownFileType = sourcecode.swift; path = SplashVC.swift; sourceTree = "<group>"; };
		6D8F05C52D62942C00FBBE4D /* SplashView.swift */ = {isa = PBXFileReference; lastKnownFileType = sourcecode.swift; path = SplashView.swift; sourceTree = "<group>"; };
		6D8F05C82D62947300FBBE4D /* UIViewController+Ext.swift */ = {isa = PBXFileReference; lastKnownFileType = sourcecode.swift; path = "UIViewController+Ext.swift"; sourceTree = "<group>"; };
		6D8F05CB2D6294E000FBBE4D /* MWLFlowCoordinator.swift */ = {isa = PBXFileReference; lastKnownFileType = sourcecode.swift; path = MWLFlowCoordinator.swift; sourceTree = "<group>"; };
		6D903D962DA1A16E00ED47B9 /* MediaListVC.swift */ = {isa = PBXFileReference; lastKnownFileType = sourcecode.swift; path = MediaListVC.swift; sourceTree = "<group>"; };
		6D903D9A2DA1A19500ED47B9 /* MediaListView.swift */ = {isa = PBXFileReference; lastKnownFileType = sourcecode.swift; path = MediaListView.swift; sourceTree = "<group>"; };
		6D903D9D2DA1A36C00ED47B9 /* MediaListViewModel.swift */ = {isa = PBXFileReference; lastKnownFileType = sourcecode.swift; path = MediaListViewModel.swift; sourceTree = "<group>"; };
		6D903D9F2DA1A3F700ED47B9 /* PersonService.swift */ = {isa = PBXFileReference; lastKnownFileType = sourcecode.swift; path = PersonService.swift; sourceTree = "<group>"; };
		6D903DA22DA1C5A100ED47B9 /* MediaListFlowDelegate.swift */ = {isa = PBXFileReference; lastKnownFileType = sourcecode.swift; path = MediaListFlowDelegate.swift; sourceTree = "<group>"; };
		6D903DA42DA1D2AA00ED47B9 /* PresentMediaListProtocol.swift */ = {isa = PBXFileReference; lastKnownFileType = sourcecode.swift; path = PresentMediaListProtocol.swift; sourceTree = "<group>"; };
		6D9578292D99DB0500446066 /* MediaStatesModel.swift */ = {isa = PBXFileReference; lastKnownFileType = sourcecode.swift; path = MediaStatesModel.swift; sourceTree = "<group>"; };
		6D98DFEA2D91A4A000334F27 /* Int+Ext.swift */ = {isa = PBXFileReference; lastKnownFileType = sourcecode.swift; path = "Int+Ext.swift"; sourceTree = "<group>"; };
		6DA651E02D9CB3B400A7587B /* BannerService.swift */ = {isa = PBXFileReference; lastKnownFileType = sourcecode.swift; path = BannerService.swift; sourceTree = "<group>"; };
		6DA651E52D9CB47D00A7587B /* BannerViewModel.swift */ = {isa = PBXFileReference; lastKnownFileType = sourcecode.swift; path = BannerViewModel.swift; sourceTree = "<group>"; };
		6DAB69242D884AA400ABC2A8 /* ShowDetailsModel.swift */ = {isa = PBXFileReference; lastKnownFileType = sourcecode.swift; path = ShowDetailsModel.swift; sourceTree = "<group>"; };
		6DABC6772D8E1B4600C4D609 /* SearchVC.swift */ = {isa = PBXFileReference; lastKnownFileType = sourcecode.swift; path = SearchVC.swift; sourceTree = "<group>"; };
		6DABC6792D8E1B8D00C4D609 /* SearchView.swift */ = {isa = PBXFileReference; lastKnownFileType = sourcecode.swift; path = SearchView.swift; sourceTree = "<group>"; };
		6DAE01172D9EB1560065824D /* RatingView.swift */ = {isa = PBXFileReference; lastKnownFileType = sourcecode.swift; path = RatingView.swift; sourceTree = "<group>"; };
		6DAE011A2D9EBD510065824D /* PresentLoginProtocol.swift */ = {isa = PBXFileReference; lastKnownFileType = sourcecode.swift; path = PresentLoginProtocol.swift; sourceTree = "<group>"; };
		6DAE011C2D9ED33F0065824D /* Float+Ext.swift */ = {isa = PBXFileReference; lastKnownFileType = sourcecode.swift; path = "Float+Ext.swift"; sourceTree = "<group>"; };
		6DAE011F2D9F05930065824D /* RatedListPageViewVC.swift */ = {isa = PBXFileReference; lastKnownFileType = sourcecode.swift; path = RatedListPageViewVC.swift; sourceTree = "<group>"; };
		6DAE01212D9F06070065824D /* RatedService.swift */ = {isa = PBXFileReference; lastKnownFileType = sourcecode.swift; path = RatedService.swift; sourceTree = "<group>"; };
		6DAE01262D9F2B470065824D /* ResetAppProtocol.swift */ = {isa = PBXFileReference; lastKnownFileType = sourcecode.swift; path = ResetAppProtocol.swift; sourceTree = "<group>"; };
		6DB0A7192D88D061002A57BD /* PersonAvatar.swift */ = {isa = PBXFileReference; lastKnownFileType = sourcecode.swift; path = PersonAvatar.swift; sourceTree = "<group>"; };
		6DB0A71C2D88D317002A57BD /* MWLCastViewCell.swift */ = {isa = PBXFileReference; lastKnownFileType = sourcecode.swift; path = MWLCastViewCell.swift; sourceTree = "<group>"; };
		6DB0AF782D9DE11C00E86959 /* RatingVC.swift */ = {isa = PBXFileReference; lastKnownFileType = sourcecode.swift; path = RatingVC.swift; sourceTree = "<group>"; };
		6DB3166D2D9C047700467CE3 /* FavoritesPageViewVC.swift */ = {isa = PBXFileReference; lastKnownFileType = sourcecode.swift; path = FavoritesPageViewVC.swift; sourceTree = "<group>"; };
		6DB316702D9C08FF00467CE3 /* MWLUsersMediaListVC.swift */ = {isa = PBXFileReference; lastKnownFileType = sourcecode.swift; path = MWLUsersMediaListVC.swift; sourceTree = "<group>"; };
		6DB316782D9C0FFF00467CE3 /* WatchListPageViewVC.swift */ = {isa = PBXFileReference; lastKnownFileType = sourcecode.swift; path = WatchListPageViewVC.swift; sourceTree = "<group>"; };
		6DB3167D2D9C21F700467CE3 /* ShowDetailsService.swift */ = {isa = PBXFileReference; lastKnownFileType = sourcecode.swift; path = ShowDetailsService.swift; sourceTree = "<group>"; };
		6DB816542D7E5767005CE913 /* ShowDetailsVC.swift */ = {isa = PBXFileReference; lastKnownFileType = sourcecode.swift; path = ShowDetailsVC.swift; sourceTree = "<group>"; };
		6DB816562D7E681C005CE913 /* ShowDetailsView.swift */ = {isa = PBXFileReference; lastKnownFileType = sourcecode.swift; path = ShowDetailsView.swift; sourceTree = "<group>"; };
		6DB9DF0D2D8758790038D604 /* CreditsModel.swift */ = {isa = PBXFileReference; lastKnownFileType = sourcecode.swift; path = CreditsModel.swift; sourceTree = "<group>"; };
		6DB9DF0F2D875FDE0038D604 /* ShowDetailsViewModel.swift */ = {isa = PBXFileReference; lastKnownFileType = sourcecode.swift; path = ShowDetailsViewModel.swift; sourceTree = "<group>"; };
		6DC349C12D9D7D4400AC2C6A /* MWLBaseViewController.swift */ = {isa = PBXFileReference; lastKnownFileType = sourcecode.swift; path = MWLBaseViewController.swift; sourceTree = "<group>"; };
		6DC349C32D9D9DD700AC2C6A /* ConfettiAnimation.json */ = {isa = PBXFileReference; fileEncoding = 4; lastKnownFileType = text.json; path = ConfettiAnimation.json; sourceTree = "<group>"; };
		6DC349C72D9D9FDF00AC2C6A /* MWLSuccessLoginVC.swift */ = {isa = PBXFileReference; lastKnownFileType = sourcecode.swift; path = MWLSuccessLoginVC.swift; sourceTree = "<group>"; };
		6DC349C92D9DA6FA00AC2C6A /* TopRatedShowListVC.swift */ = {isa = PBXFileReference; lastKnownFileType = sourcecode.swift; path = TopRatedShowListVC.swift; sourceTree = "<group>"; };
		6DC349CB2D9DA7A500AC2C6A /* OnTheAirShowListVC.swift */ = {isa = PBXFileReference; lastKnownFileType = sourcecode.swift; path = OnTheAirShowListVC.swift; sourceTree = "<group>"; };
		6DC349CD2D9DA7D700AC2C6A /* PlayingNowMovieListVC.swift */ = {isa = PBXFileReference; lastKnownFileType = sourcecode.swift; path = PlayingNowMovieListVC.swift; sourceTree = "<group>"; };
		6DC349CF2D9DA82500AC2C6A /* UpcomingMoviesListVC.swift */ = {isa = PBXFileReference; lastKnownFileType = sourcecode.swift; path = UpcomingMoviesListVC.swift; sourceTree = "<group>"; };
		6DC349D22D9DC3F100AC2C6A /* LoginVC.swift */ = {isa = PBXFileReference; lastKnownFileType = sourcecode.swift; path = LoginVC.swift; sourceTree = "<group>"; };
		6DC532B62D97948800E15FE0 /* ProfileView.swift */ = {isa = PBXFileReference; lastKnownFileType = sourcecode.swift; path = ProfileView.swift; sourceTree = "<group>"; };
		6DC532B82D97949D00E15FE0 /* ProfileViewModel.swift */ = {isa = PBXFileReference; lastKnownFileType = sourcecode.swift; path = ProfileViewModel.swift; sourceTree = "<group>"; };
		6DC532BA2D9795D000E15FE0 /* AuthService.swift */ = {isa = PBXFileReference; lastKnownFileType = sourcecode.swift; path = AuthService.swift; sourceTree = "<group>"; };
		6DC532BD2D97961B00E15FE0 /* Constants.swift */ = {isa = PBXFileReference; lastKnownFileType = sourcecode.swift; path = Constants.swift; sourceTree = "<group>"; };
		6DC532BF2D97970A00E15FE0 /* RequestService.swift */ = {isa = PBXFileReference; lastKnownFileType = sourcecode.swift; path = RequestService.swift; sourceTree = "<group>"; };
		6DC585F62D8C37E200DA03AA /* String+Ext.swift */ = {isa = PBXFileReference; lastKnownFileType = sourcecode.swift; path = "String+Ext.swift"; sourceTree = "<group>"; };
		6DC585F92D8C3E9A00DA03AA /* MWLCreditsCollectionView.swift */ = {isa = PBXFileReference; lastKnownFileType = sourcecode.swift; path = MWLCreditsCollectionView.swift; sourceTree = "<group>"; };
		6DC585FC2D8C46A000DA03AA /* PersonDetailsFlowDelegate.swift */ = {isa = PBXFileReference; lastKnownFileType = sourcecode.swift; path = PersonDetailsFlowDelegate.swift; sourceTree = "<group>"; };
		6DC586002D8C510400DA03AA /* UILabel+Ext.swift */ = {isa = PBXFileReference; lastKnownFileType = sourcecode.swift; path = "UILabel+Ext.swift"; sourceTree = "<group>"; };
		6DC586022D8C564B00DA03AA /* VideoPlayerViewController.swift */ = {isa = PBXFileReference; lastKnownFileType = sourcecode.swift; path = VideoPlayerViewController.swift; sourceTree = "<group>"; };
		6DC586052D8C802700DA03AA /* MWLImagesCollectionView.swift */ = {isa = PBXFileReference; lastKnownFileType = sourcecode.swift; path = MWLImagesCollectionView.swift; sourceTree = "<group>"; };
		6DC586072D8C809E00DA03AA /* MWLImageViewCell.swift */ = {isa = PBXFileReference; lastKnownFileType = sourcecode.swift; path = MWLImageViewCell.swift; sourceTree = "<group>"; };
		6DC586092D8C8F0400DA03AA /* UICollectionView+Ext.swift */ = {isa = PBXFileReference; lastKnownFileType = sourcecode.swift; path = "UICollectionView+Ext.swift"; sourceTree = "<group>"; };
		6DC5860D2D8CAE1E00DA03AA /* FullScreenImageViewVC.swift */ = {isa = PBXFileReference; lastKnownFileType = sourcecode.swift; path = FullScreenImageViewVC.swift; sourceTree = "<group>"; };
		6DC5860F2D8CB23E00DA03AA /* FullScreenImageProtocol.swift */ = {isa = PBXFileReference; lastKnownFileType = sourcecode.swift; path = FullScreenImageProtocol.swift; sourceTree = "<group>"; };
		6DC586122D8CB59C00DA03AA /* MWLProducersCollectionView.swift */ = {isa = PBXFileReference; lastKnownFileType = sourcecode.swift; path = MWLProducersCollectionView.swift; sourceTree = "<group>"; };
		6DC586142D8CB95500DA03AA /* MWLProducerViewCell.swift */ = {isa = PBXFileReference; lastKnownFileType = sourcecode.swift; path = MWLProducerViewCell.swift; sourceTree = "<group>"; };
		6DCD6C862D9B47BB00A5A7FC /* WatchListService.swift */ = {isa = PBXFileReference; lastKnownFileType = sourcecode.swift; path = WatchListService.swift; sourceTree = "<group>"; };
		6DCEF8092D752AB800864888 /* ImageService.swift */ = {isa = PBXFileReference; lastKnownFileType = sourcecode.swift; path = ImageService.swift; sourceTree = "<group>"; };
		6DE6D1FA2D75F0640062DF6F /* PopularMoviesListVC.swift */ = {isa = PBXFileReference; lastKnownFileType = sourcecode.swift; path = PopularMoviesListVC.swift; sourceTree = "<group>"; };
		6DE6D1FD2D75F4F70062DF6F /* PopularShowsListVC.swift */ = {isa = PBXFileReference; lastKnownFileType = sourcecode.swift; path = PopularShowsListVC.swift; sourceTree = "<group>"; };
		6DE6D1FF2D75FBDD0062DF6F /* TopRatedMoviesListVC.swift */ = {isa = PBXFileReference; lastKnownFileType = sourcecode.swift; path = TopRatedMoviesListVC.swift; sourceTree = "<group>"; };
		6DE6D2012D75FC0A0062DF6F /* AiringTodayShowsListVC.swift */ = {isa = PBXFileReference; lastKnownFileType = sourcecode.swift; path = AiringTodayShowsListVC.swift; sourceTree = "<group>"; };
		6DE880722D637B1000CD56AD /* MWLTabBarController.swift */ = {isa = PBXFileReference; lastKnownFileType = sourcecode.swift; path = MWLTabBarController.swift; sourceTree = "<group>"; };
		6DE880752D637B9600CD56AD /* HomeVC.swift */ = {isa = PBXFileReference; lastKnownFileType = sourcecode.swift; path = HomeVC.swift; sourceTree = "<group>"; };
		6DE880772D637D8200CD56AD /* SplashFlowDelegate.swift */ = {isa = PBXFileReference; lastKnownFileType = sourcecode.swift; path = SplashFlowDelegate.swift; sourceTree = "<group>"; };
		6DE880792D637ED000CD56AD /* HomeView.swift */ = {isa = PBXFileReference; lastKnownFileType = sourcecode.swift; path = HomeView.swift; sourceTree = "<group>"; };
		6DE8807B2D637F1A00CD56AD /* UIImageView+Ext.swift */ = {isa = PBXFileReference; lastKnownFileType = sourcecode.swift; path = "UIImageView+Ext.swift"; sourceTree = "<group>"; };
		6DE880802D639B4400CD56AD /* EnvManager.swift */ = {isa = PBXFileReference; lastKnownFileType = sourcecode.swift; path = EnvManager.swift; sourceTree = "<group>"; };
		6DE880852D63AB4400CD56AD /* Config.xcconfig */ = {isa = PBXFileReference; fileEncoding = 4; lastKnownFileType = text.xcconfig; path = Config.xcconfig; sourceTree = "<group>"; };
		6DE8808A2D63ACD300CD56AD /* MWLError.swift */ = {isa = PBXFileReference; lastKnownFileType = sourcecode.swift; path = MWLError.swift; sourceTree = "<group>"; };
		6DEA84A42D63DDB500418B2B /* MWLSegmentedFilter.swift */ = {isa = PBXFileReference; lastKnownFileType = sourcecode.swift; path = MWLSegmentedFilter.swift; sourceTree = "<group>"; };
		6DFBA84E2D93745A007F8DEE /* SearchResponse.swift */ = {isa = PBXFileReference; lastKnownFileType = sourcecode.swift; path = SearchResponse.swift; sourceTree = "<group>"; };
		9DFAAC88FE879C8728D3F699 /* Pods-My WatchList.release.xcconfig */ = {isa = PBXFileReference; includeInIndex = 1; lastKnownFileType = text.xcconfig; name = "Pods-My WatchList.release.xcconfig"; path = "Target Support Files/Pods-My WatchList/Pods-My WatchList.release.xcconfig"; sourceTree = "<group>"; };
		D96FDCDA31DC901D5AE220AC /* Pods-My WatchList.debug.xcconfig */ = {isa = PBXFileReference; includeInIndex = 1; lastKnownFileType = text.xcconfig; name = "Pods-My WatchList.debug.xcconfig"; path = "Target Support Files/Pods-My WatchList/Pods-My WatchList.debug.xcconfig"; sourceTree = "<group>"; };
/* End PBXFileReference section */

/* Begin PBXFrameworksBuildPhase section */
		6D8F05A22D628D5500FBBE4D /* Frameworks */ = {
			isa = PBXFrameworksBuildPhase;
			buildActionMask = 2147483647;
			files = (
				DC25B16D40BE7DBAEC579CC2 /* Pods_My_WatchList.framework in Frameworks */,
			);
			runOnlyForDeploymentPostprocessing = 0;
		};
/* End PBXFrameworksBuildPhase section */

/* Begin PBXGroup section */
		63E7B2C2DF570D6D6975BA68 /* Frameworks */ = {
			isa = PBXGroup;
			children = (
				28D5E889941E046685D8AF5C /* Pods_My_WatchList.framework */,
			);
			name = Frameworks;
			sourceTree = "<group>";
		};
		6BFD5AE0DB93E17893CCAD57 /* Pods */ = {
			isa = PBXGroup;
			children = (
				D96FDCDA31DC901D5AE220AC /* Pods-My WatchList.debug.xcconfig */,
				9DFAAC88FE879C8728D3F699 /* Pods-My WatchList.release.xcconfig */,
			);
			path = Pods;
			sourceTree = "<group>";
		};
		6D0153DB2D97043000E443C2 /* Utils */ = {
			isa = PBXGroup;
			children = (
				6DE8808A2D63ACD300CD56AD /* MWLError.swift */,
			);
			path = Utils;
			sourceTree = "<group>";
		};
		6D0153DE2D970D0000E443C2 /* Profile */ = {
			isa = PBXGroup;
			children = (
				6DAE01252D9F28310065824D /* ViewModels */,
				6DAE01242D9F28290065824D /* Views */,
				6DAE01232D9F28200065824D /* ViewControllers */,
			);
			path = Profile;
			sourceTree = "<group>";
		};
		6D06C09A2D8AEC94007F01E1 /* PersonDetails */ = {
			isa = PBXGroup;
			children = (
				6DC585FB2D8C468D00DA03AA /* Protocols */,
				6DC585F82D8C3E8700DA03AA /* CollectionViews */,
				6D06C09F2D8AED32007F01E1 /* ViewControllers */,
				6D06C09E2D8AED2A007F01E1 /* ViewModels */,
				6D06C09D2D8AED25007F01E1 /* Views */,
			);
			path = PersonDetails;
			sourceTree = "<group>";
		};
		6D06C09D2D8AED25007F01E1 /* Views */ = {
			isa = PBXGroup;
			children = (
				6D06C09B2D8AECA3007F01E1 /* PersonDetailsView.swift */,
			);
			path = Views;
			sourceTree = "<group>";
		};
		6D06C09E2D8AED2A007F01E1 /* ViewModels */ = {
			isa = PBXGroup;
			children = (
				6D06C0A22D8AEDE2007F01E1 /* PersonDetailsViewModel.swift */,
			);
			path = ViewModels;
			sourceTree = "<group>";
		};
		6D06C09F2D8AED32007F01E1 /* ViewControllers */ = {
			isa = PBXGroup;
			children = (
				6D06C0A02D8AED4A007F01E1 /* PersonDetailsVC.swift */,
			);
			path = ViewControllers;
			sourceTree = "<group>";
		};
		6D06C0A42D8AF1BE007F01E1 /* Protocols */ = {
			isa = PBXGroup;
			children = (
				6D06C0A52D8AF1E7007F01E1 /* ShowDetailsFlowDelegate.swift */,
			);
			path = Protocols;
			sourceTree = "<group>";
		};
		6D112A512D94295B00D971A7 /* CollectionViewCell */ = {
			isa = PBXGroup;
			children = (
				6D112A522D94297300D971A7 /* MWLSearchResultCollectionViewCell.swift */,
			);
			path = CollectionViewCell;
			sourceTree = "<group>";
		};
		6D112A542D942B5800D971A7 /* Helpers */ = {
			isa = PBXGroup;
			children = (
				6D112A562D942B6600D971A7 /* UIHelper.swift */,
			);
			path = Helpers;
			sourceTree = "<group>";
		};
		6D1F073E2D949138002EEF4C /* Protocols */ = {
			isa = PBXGroup;
			children = (
				6DC5860F2D8CB23E00DA03AA /* FullScreenImageProtocol.swift */,
				6D1F073F2D949173002EEF4C /* PresentShowDetailsProtocol.swift */,
				6D1F07412D949219002EEF4C /* PresentPersonDetailsProtocol.swift */,
				6D1F07432D9495A4002EEF4C /* PresentVideoPlayerProtocol.swift */,
				6DAE011A2D9EBD510065824D /* PresentLoginProtocol.swift */,
				6DAE01262D9F2B470065824D /* ResetAppProtocol.swift */,
				6D903DA42DA1D2AA00ED47B9 /* PresentMediaListProtocol.swift */,
			);
			path = Protocols;
			sourceTree = "<group>";
		};
		6D1F074B2D94D7C8002EEF4C /* Favorites */ = {
			isa = PBXGroup;
			children = (
				6DB3166D2D9C047700467CE3 /* FavoritesPageViewVC.swift */,
			);
			path = Favorites;
			sourceTree = "<group>";
		};
		6D2485062D9F52B100A56FF2 /* ViewModels */ = {
			isa = PBXGroup;
			children = (
				6D2485072D9F52BF00A56FF2 /* LoginViewModel.swift */,
			);
			path = ViewModels;
			sourceTree = "<group>";
		};
		6D2485092D9F631100A56FF2 /* ViewControllers */ = {
			isa = PBXGroup;
			children = (
				6DC349D22D9DC3F100AC2C6A /* LoginVC.swift */,
			);
			path = ViewControllers;
			sourceTree = "<group>";
		};
		6D24850A2D9F632400A56FF2 /* Views */ = {
			isa = PBXGroup;
			children = (
				6D69FD3F2D9D64DB00E5953A /* LoginView.swift */,
			);
			path = Views;
			sourceTree = "<group>";
		};
		6D59CAAE2D89A46500AB1ACA /* CastCollectionView */ = {
			isa = PBXGroup;
			children = (
				6DB0A71C2D88D317002A57BD /* MWLCastViewCell.swift */,
				6DB0A7192D88D061002A57BD /* PersonAvatar.swift */,
				6D59CAB02D89A48000AB1ACA /* MWLCastCollectionView.swift */,
			);
			path = CastCollectionView;
			sourceTree = "<group>";
		};
		6D59CAAF2D89A46A00AB1ACA /* VideosCollectionView */ = {
			isa = PBXGroup;
			children = (
				6D59CAB22D89AE0300AB1ACA /* MWLVideosCollectionView.swift */,
				6D5B82942D8A0546003C1695 /* MWLThumbViewCell.swift */,
			);
			path = VideosCollectionView;
			sourceTree = "<group>";
		};
		6D63B6EF2D85E4CB002E2136 /* DependencyInjection */ = {
			isa = PBXGroup;
			children = (
				6D63B6F02D85E55D002E2136 /* ViewControllersFactory */,
			);
			path = DependencyInjection;
			sourceTree = "<group>";
		};
		6D63B6F02D85E55D002E2136 /* ViewControllersFactory */ = {
			isa = PBXGroup;
			children = (
				6D63B6F12D85E598002E2136 /* ViewControllersFactoryProtocol.swift */,
				6D63B6F32D85E6B7002E2136 /* ViewControllersFactory.swift */,
			);
			path = ViewControllersFactory;
			sourceTree = "<group>";
		};
		6D63B6F72D85F515002E2136 /* Tabs */ = {
			isa = PBXGroup;
			children = (
				6DC349D12D9DC3E300AC2C6A /* Login */,
				6D0153DE2D970D0000E443C2 /* Profile */,
				6DB316772D9C0FE700467CE3 /* WatchList */,
				6D1F074B2D94D7C8002EEF4C /* Favorites */,
				6DABC6762D8E1B3A00C4D609 /* Search */,
				6DE880742D637B8700CD56AD /* Home */,
				6DE880722D637B1000CD56AD /* MWLTabBarController.swift */,
				6D63B6F52D85E893002E2136 /* TabBarFlowDelegate.swift */,
			);
			path = Tabs;
			sourceTree = "<group>";
		};
		6D69FD3B2D9D552800E5953A /* MWLButton */ = {
			isa = PBXGroup;
			children = (
				6D69FD3C2D9D553500E5953A /* MWLButton.swift */,
			);
			path = MWLButton;
			sourceTree = "<group>";
		};
		6D7E1B222D9071B5008FE265 /* MWLDataLoadingVC */ = {
			isa = PBXGroup;
			children = (
				6D7E1B232D9071C2008FE265 /* MWLDataLoadingVC.swift */,
			);
			path = MWLDataLoadingVC;
			sourceTree = "<group>";
		};
		6D838E382D6BB7730034162D /* CustomVC */ = {
			isa = PBXGroup;
			children = (
				6D838E3E2D6BBD5F0034162D /* MovieList */,
				6D838E3D2D6BBD560034162D /* Banner */,
			);
			path = CustomVC;
			sourceTree = "<group>";
		};
		6D838E3D2D6BBD560034162D /* Banner */ = {
			isa = PBXGroup;
			children = (
				6DA651E02D9CB3B400A7587B /* BannerService.swift */,
				6D838E392D6BB7D20034162D /* BannerVC.swift */,
				6D1F07452D94C872002EEF4C /* BannerDelegate.swift */,
				6DA651E52D9CB47D00A7587B /* BannerViewModel.swift */,
			);
			path = Banner;
			sourceTree = "<group>";
		};
		6D838E3E2D6BBD5F0034162D /* MovieList */ = {
			isa = PBXGroup;
			children = (
				6DE6D1FC2D75F4D90062DF6F /* Base */,
				6DE6D1FA2D75F0640062DF6F /* PopularMoviesListVC.swift */,
				6DE6D1FF2D75FBDD0062DF6F /* TopRatedMoviesListVC.swift */,
				6DC349CD2D9DA7D700AC2C6A /* PlayingNowMovieListVC.swift */,
				6DC349CF2D9DA82500AC2C6A /* UpcomingMoviesListVC.swift */,
				6DE6D1FD2D75F4F70062DF6F /* PopularShowsListVC.swift */,
				6DE6D2012D75FC0A0062DF6F /* AiringTodayShowsListVC.swift */,
				6DC349C92D9DA6FA00AC2C6A /* TopRatedShowListVC.swift */,
				6DC349CB2D9DA7A500AC2C6A /* OnTheAirShowListVC.swift */,
			);
			path = MovieList;
			sourceTree = "<group>";
		};
		6D8F059C2D628D5500FBBE4D = {
			isa = PBXGroup;
			children = (
				6D8F05A72D628D5500FBBE4D /* My WatchList */,
				6D8F05A62D628D5500FBBE4D /* Products */,
				6BFD5AE0DB93E17893CCAD57 /* Pods */,
				63E7B2C2DF570D6D6975BA68 /* Frameworks */,
			);
			sourceTree = "<group>";
		};
		6D8F05A62D628D5500FBBE4D /* Products */ = {
			isa = PBXGroup;
			children = (
				6D8F05A52D628D5500FBBE4D /* My WatchList.app */,
			);
			name = Products;
			sourceTree = "<group>";
		};
		6D8F05A72D628D5500FBBE4D /* My WatchList */ = {
			isa = PBXGroup;
			children = (
				6D8F05BF2D62925B00FBBE4D /* Sources */,
				6D8F05BE2D62924B00FBBE4D /* Resources */,
				6D8F05A82D628D5500FBBE4D /* AppDelegate.swift */,
				6D8F05AA2D628D5500FBBE4D /* SceneDelegate.swift */,
				6D8F05B32D628D5700FBBE4D /* LaunchScreen.storyboard */,
				6D8F05B62D628D5700FBBE4D /* Info.plist */,
				6DE880852D63AB4400CD56AD /* Config.xcconfig */,
			);
			path = "My WatchList";
			sourceTree = "<group>";
		};
		6D8F05BE2D62924B00FBBE4D /* Resources */ = {
			isa = PBXGroup;
			children = (
				6DC349C52D9D9E1700AC2C6A /* Lottie */,
				6D8F05B12D628D5700FBBE4D /* Assets.xcassets */,
			);
			path = Resources;
			sourceTree = "<group>";
		};
		6D8F05BF2D62925B00FBBE4D /* Sources */ = {
			isa = PBXGroup;
			children = (
				6DAB691A2D88400800ABC2A8 /* Modules */,
				6DAB69192D88400100ABC2A8 /* Shared */,
			);
			path = Sources;
			sourceTree = "<group>";
		};
		6D8F05C72D62943A00FBBE4D /* Extensions */ = {
			isa = PBXGroup;
			children = (
				6D8F05C82D62947300FBBE4D /* UIViewController+Ext.swift */,
				6DE8807B2D637F1A00CD56AD /* UIImageView+Ext.swift */,
				6D10A3712D6BAB1400F3FF7A /* UIView+Ext.swift */,
				6DC585F62D8C37E200DA03AA /* String+Ext.swift */,
				6DC586002D8C510400DA03AA /* UILabel+Ext.swift */,
				6DC586092D8C8F0400DA03AA /* UICollectionView+Ext.swift */,
				6D98DFEA2D91A4A000334F27 /* Int+Ext.swift */,
				6D0153E32D971A1A00E443C2 /* URL+Ext.swift */,
				6DAE011C2D9ED33F0065824D /* Float+Ext.swift */,
			);
			path = Extensions;
			sourceTree = "<group>";
		};
		6D8F05CA2D6294CF00FBBE4D /* Coodinators */ = {
			isa = PBXGroup;
			children = (
				6D1F073E2D949138002EEF4C /* Protocols */,
				6D8F05CB2D6294E000FBBE4D /* MWLFlowCoordinator.swift */,
			);
			path = Coodinators;
			sourceTree = "<group>";
		};
		6D903D952DA1A0E900ED47B9 /* MediaList */ = {
			isa = PBXGroup;
			children = (
				6D903DA12DA1C58F00ED47B9 /* Protocols */,
				6D903D9C2DA1A36100ED47B9 /* ViewModels */,
				6D903D992DA1A18400ED47B9 /* Views */,
				6D903D982DA1A17C00ED47B9 /* ViewControllers */,
			);
			path = MediaList;
			sourceTree = "<group>";
		};
		6D903D982DA1A17C00ED47B9 /* ViewControllers */ = {
			isa = PBXGroup;
			children = (
				6D903D962DA1A16E00ED47B9 /* MediaListVC.swift */,
			);
			path = ViewControllers;
			sourceTree = "<group>";
		};
		6D903D992DA1A18400ED47B9 /* Views */ = {
			isa = PBXGroup;
			children = (
				6D903D9A2DA1A19500ED47B9 /* MediaListView.swift */,
			);
			path = Views;
			sourceTree = "<group>";
		};
		6D903D9C2DA1A36100ED47B9 /* ViewModels */ = {
			isa = PBXGroup;
			children = (
				6D903D9D2DA1A36C00ED47B9 /* MediaListViewModel.swift */,
			);
			path = ViewModels;
			sourceTree = "<group>";
		};
		6D903DA12DA1C58F00ED47B9 /* Protocols */ = {
			isa = PBXGroup;
			children = (
				6D903DA22DA1C5A100ED47B9 /* MediaListFlowDelegate.swift */,
			);
			path = Protocols;
			sourceTree = "<group>";
		};
		6DA651DF2D9CB39C00A7587B /* Services */ = {
			isa = PBXGroup;
			children = (
			);
			path = Services;
			sourceTree = "<group>";
		};
		6DA651E22D9CB3DC00A7587B /* ViewModel */ = {
			isa = PBXGroup;
			children = (
				6D67AD152D84DCD900CE18F6 /* ShowViewModel.swift */,
			);
			path = ViewModel;
			sourceTree = "<group>";
		};
		6DA651E32D9CB3ED00A7587B /* ViewControllers */ = {
			isa = PBXGroup;
			children = (
				6DE880752D637B9600CD56AD /* HomeVC.swift */,
			);
			path = ViewControllers;
			sourceTree = "<group>";
		};
		6DA651E42D9CB3F500A7587B /* Views */ = {
			isa = PBXGroup;
			children = (
				6DE880792D637ED000CD56AD /* HomeView.swift */,
			);
			path = Views;
			sourceTree = "<group>";
		};
		6DAB69192D88400100ABC2A8 /* Shared */ = {
			isa = PBXGroup;
			children = (
				6DC532BC2D97960D00E15FE0 /* Constants */,
				6D0153DB2D97043000E443C2 /* Utils */,
				6D112A542D942B5800D971A7 /* Helpers */,
				6DC5860C2D8CAE0500DA03AA /* ViewControllers */,
				6DC585FE2D8C4CBF00DA03AA /* Views */,
				6D63B6EF2D85E4CB002E2136 /* DependencyInjection */,
				6DE8808C2D63D5E400CD56AD /* CustomViews */,
				6DE880822D639C1400CD56AD /* Models */,
				6DE8807F2D639B3900CD56AD /* Managers */,
				6D8F05C72D62943A00FBBE4D /* Extensions */,
				6D8F05CA2D6294CF00FBBE4D /* Coodinators */,
				6DE880872D63AC3600CD56AD /* Services */,
			);
			path = Shared;
			sourceTree = "<group>";
		};
		6DAB691A2D88400800ABC2A8 /* Modules */ = {
			isa = PBXGroup;
			children = (
				6D903D952DA1A0E900ED47B9 /* MediaList */,
				6DAE011E2D9F05570065824D /* Rated */,
				6DB0AF7A2D9DE24400E86959 /* Rating */,
				6D06C09A2D8AEC94007F01E1 /* PersonDetails */,
				6DAB691B2D88401100ABC2A8 /* Splash */,
				6D63B6F72D85F515002E2136 /* Tabs */,
				6DB816532D7E5755005CE913 /* ShowDetails */,
			);
			path = Modules;
			sourceTree = "<group>";
		};
		6DAB691B2D88401100ABC2A8 /* Splash */ = {
			isa = PBXGroup;
			children = (
				6DAE01162D9EB1360065824D /* Protocols */,
				6DAE01152D9EB1250065824D /* ViewController */,
				6DAE01142D9EB11F0065824D /* View */,
			);
			path = Splash;
			sourceTree = "<group>";
		};
		6DAB691D2D8840A100ABC2A8 /* Views */ = {
			isa = PBXGroup;
			children = (
				6DB0A71B2D88D2FA002A57BD /* CollectionViews */,
				6DB816562D7E681C005CE913 /* ShowDetailsView.swift */,
			);
			path = Views;
			sourceTree = "<group>";
		};
		6DAB691E2D8840AD00ABC2A8 /* ViewControllers */ = {
			isa = PBXGroup;
			children = (
				6DB816542D7E5767005CE913 /* ShowDetailsVC.swift */,
			);
			path = ViewControllers;
			sourceTree = "<group>";
		};
		6DAB691F2D8840B900ABC2A8 /* ViewModels */ = {
			isa = PBXGroup;
			children = (
				6DB9DF0F2D875FDE0038D604 /* ShowDetailsViewModel.swift */,
			);
			path = ViewModels;
			sourceTree = "<group>";
		};
		6DABC6712D8E113200C4D609 /* FullScreenImage */ = {
			isa = PBXGroup;
			children = (
				6DC5860D2D8CAE1E00DA03AA /* FullScreenImageViewVC.swift */,
			);
			path = FullScreenImage;
			sourceTree = "<group>";
		};
		6DABC6722D8E113A00C4D609 /* VideoPlayerVC */ = {
			isa = PBXGroup;
			children = (
				6DC586022D8C564B00DA03AA /* VideoPlayerViewController.swift */,
			);
			path = VideoPlayerVC;
			sourceTree = "<group>";
		};
		6DABC6762D8E1B3A00C4D609 /* Search */ = {
			isa = PBXGroup;
			children = (
				6D112A512D94295B00D971A7 /* CollectionViewCell */,
				6DABC6772D8E1B4600C4D609 /* SearchVC.swift */,
				6DABC6792D8E1B8D00C4D609 /* SearchView.swift */,
				6D112A4F2D94234A00D971A7 /* SearchViewModel.swift */,
			);
			path = Search;
			sourceTree = "<group>";
		};
		6DAE01142D9EB11F0065824D /* View */ = {
			isa = PBXGroup;
			children = (
				6D8F05C52D62942C00FBBE4D /* SplashView.swift */,
			);
			path = View;
			sourceTree = "<group>";
		};
		6DAE01152D9EB1250065824D /* ViewController */ = {
			isa = PBXGroup;
			children = (
				6D8F05C32D62941000FBBE4D /* SplashVC.swift */,
			);
			path = ViewController;
			sourceTree = "<group>";
		};
		6DAE01162D9EB1360065824D /* Protocols */ = {
			isa = PBXGroup;
			children = (
				6DE880772D637D8200CD56AD /* SplashFlowDelegate.swift */,
			);
			path = Protocols;
			sourceTree = "<group>";
		};
		6DAE01192D9EB51F0065824D /* ViewController */ = {
			isa = PBXGroup;
			children = (
				6DB0AF782D9DE11C00E86959 /* RatingVC.swift */,
			);
			path = ViewController;
			sourceTree = "<group>";
		};
		6DAE011E2D9F05570065824D /* Rated */ = {
			isa = PBXGroup;
			children = (
				6DAE011F2D9F05930065824D /* RatedListPageViewVC.swift */,
			);
			path = Rated;
			sourceTree = "<group>";
		};
		6DAE01232D9F28200065824D /* ViewControllers */ = {
			isa = PBXGroup;
			children = (
				6D0153DF2D970D0D00E443C2 /* ProfileVC.swift */,
			);
			path = ViewControllers;
			sourceTree = "<group>";
		};
		6DAE01242D9F28290065824D /* Views */ = {
			isa = PBXGroup;
			children = (
				6DC532B62D97948800E15FE0 /* ProfileView.swift */,
			);
			path = Views;
			sourceTree = "<group>";
		};
		6DAE01252D9F28310065824D /* ViewModels */ = {
			isa = PBXGroup;
			children = (
				6DC532B82D97949D00E15FE0 /* ProfileViewModel.swift */,
			);
			path = ViewModels;
			sourceTree = "<group>";
		};
		6DB0A71B2D88D2FA002A57BD /* CollectionViews */ = {
			isa = PBXGroup;
			children = (
				6DC586112D8CB57700DA03AA /* PoducersCollectionView */,
				6DC586042D8C801500DA03AA /* ImagesCollectionView */,
				6D59CAAF2D89A46A00AB1ACA /* VideosCollectionView */,
				6D59CAAE2D89A46500AB1ACA /* CastCollectionView */,
			);
			path = CollectionViews;
			sourceTree = "<group>";
		};
		6DB0AF7A2D9DE24400E86959 /* Rating */ = {
			isa = PBXGroup;
			children = (
				6DAE01192D9EB51F0065824D /* ViewController */,
				6DB0AF7B2D9DE27000E86959 /* View */,
			);
			path = Rating;
			sourceTree = "<group>";
		};
		6DB0AF7B2D9DE27000E86959 /* View */ = {
			isa = PBXGroup;
			children = (
				6DAE01172D9EB1560065824D /* RatingView.swift */,
			);
			path = View;
			sourceTree = "<group>";
		};
		6DB3166C2D9C045400467CE3 /* MWLPageViewController */ = {
			isa = PBXGroup;
			children = (
				6D66DF432D99E00C00934FB1 /* MWLPageViewVC.swift */,
			);
			path = MWLPageViewController;
			sourceTree = "<group>";
		};
		6DB3166F2D9C08DF00467CE3 /* MWLUsersMediaList */ = {
			isa = PBXGroup;
			children = (
				6DB316762D9C0F7C00467CE3 /* ViewModel */,
				6DB316752D9C0F7300467CE3 /* ViewController */,
				6DB316742D9C0F6D00467CE3 /* View */,
			);
			path = MWLUsersMediaList;
			sourceTree = "<group>";
		};
		6DB316742D9C0F6D00467CE3 /* View */ = {
			isa = PBXGroup;
			children = (
				6D1F074E2D94D7F9002EEF4C /* MWLUsersMediaListView.swift */,
			);
			path = View;
			sourceTree = "<group>";
		};
		6DB316752D9C0F7300467CE3 /* ViewController */ = {
			isa = PBXGroup;
			children = (
				6DB316702D9C08FF00467CE3 /* MWLUsersMediaListVC.swift */,
			);
			path = ViewController;
			sourceTree = "<group>";
		};
		6DB316762D9C0F7C00467CE3 /* ViewModel */ = {
			isa = PBXGroup;
			children = (
				6D1F07502D94D8DA002EEF4C /* MWLUsersMediaViewModel.swift */,
			);
			path = ViewModel;
			sourceTree = "<group>";
		};
		6DB316772D9C0FE700467CE3 /* WatchList */ = {
			isa = PBXGroup;
			children = (
				6DB316782D9C0FFF00467CE3 /* WatchListPageViewVC.swift */,
			);
			path = WatchList;
			sourceTree = "<group>";
		};
		6DB816532D7E5755005CE913 /* ShowDetails */ = {
			isa = PBXGroup;
			children = (
				6D06C0A42D8AF1BE007F01E1 /* Protocols */,
				6DAB691F2D8840B900ABC2A8 /* ViewModels */,
				6DAB691E2D8840AD00ABC2A8 /* ViewControllers */,
				6DAB691D2D8840A100ABC2A8 /* Views */,
			);
			path = ShowDetails;
			sourceTree = "<group>";
		};
		6DC349C02D9D7D3600AC2C6A /* MWLBaseViewController */ = {
			isa = PBXGroup;
			children = (
				6DC349C12D9D7D4400AC2C6A /* MWLBaseViewController.swift */,
			);
			path = MWLBaseViewController;
			sourceTree = "<group>";
		};
		6DC349C52D9D9E1700AC2C6A /* Lottie */ = {
			isa = PBXGroup;
			children = (
				6DC349C32D9D9DD700AC2C6A /* ConfettiAnimation.json */,
			);
			path = Lottie;
			sourceTree = "<group>";
		};
		6DC349C62D9D9FD000AC2C6A /* MWLSuccessLoginVC */ = {
			isa = PBXGroup;
			children = (
				6DC349C72D9D9FDF00AC2C6A /* MWLSuccessLoginVC.swift */,
			);
			path = MWLSuccessLoginVC;
			sourceTree = "<group>";
		};
		6DC349D12D9DC3E300AC2C6A /* Login */ = {
			isa = PBXGroup;
			children = (
				6D24850A2D9F632400A56FF2 /* Views */,
				6D2485092D9F631100A56FF2 /* ViewControllers */,
				6D2485062D9F52B100A56FF2 /* ViewModels */,
			);
			path = Login;
			sourceTree = "<group>";
		};
		6DC532BC2D97960D00E15FE0 /* Constants */ = {
			isa = PBXGroup;
			children = (
				6DC532BD2D97961B00E15FE0 /* Constants.swift */,
			);
			path = Constants;
			sourceTree = "<group>";
		};
		6DC585F82D8C3E8700DA03AA /* CollectionViews */ = {
			isa = PBXGroup;
			children = (
				6DC5860B2D8CAA3000DA03AA /* MWLCreditsCollectionView */,
			);
			path = CollectionViews;
			sourceTree = "<group>";
		};
		6DC585FB2D8C468D00DA03AA /* Protocols */ = {
			isa = PBXGroup;
			children = (
				6DC585FC2D8C46A000DA03AA /* PersonDetailsFlowDelegate.swift */,
			);
			path = Protocols;
			sourceTree = "<group>";
		};
		6DC585FE2D8C4CBF00DA03AA /* Views */ = {
			isa = PBXGroup;
			children = (
				6D69FD3B2D9D552800E5953A /* MWLButton */,
				6DC585FF2D8C4CC400DA03AA /* CollectionViewCells */,
			);
			path = Views;
			sourceTree = "<group>";
		};
		6DC585FF2D8C4CC400DA03AA /* CollectionViewCells */ = {
			isa = PBXGroup;
			children = (
				6D838E3F2D6BBD760034162D /* ShowCollectionViewCell.swift */,
			);
			path = CollectionViewCells;
			sourceTree = "<group>";
		};
		6DC586042D8C801500DA03AA /* ImagesCollectionView */ = {
			isa = PBXGroup;
			children = (
				6DC586052D8C802700DA03AA /* MWLImagesCollectionView.swift */,
				6DC586072D8C809E00DA03AA /* MWLImageViewCell.swift */,
			);
			path = ImagesCollectionView;
			sourceTree = "<group>";
		};
		6DC5860B2D8CAA3000DA03AA /* MWLCreditsCollectionView */ = {
			isa = PBXGroup;
			children = (
				6DC585F92D8C3E9A00DA03AA /* MWLCreditsCollectionView.swift */,
			);
			path = MWLCreditsCollectionView;
			sourceTree = "<group>";
		};
		6DC5860C2D8CAE0500DA03AA /* ViewControllers */ = {
			isa = PBXGroup;
			children = (
				6DC349C62D9D9FD000AC2C6A /* MWLSuccessLoginVC */,
				6DC349C02D9D7D3600AC2C6A /* MWLBaseViewController */,
				6DB3166F2D9C08DF00467CE3 /* MWLUsersMediaList */,
				6DB3166C2D9C045400467CE3 /* MWLPageViewController */,
				6D7E1B222D9071B5008FE265 /* MWLDataLoadingVC */,
				6DABC6722D8E113A00C4D609 /* VideoPlayerVC */,
				6DABC6712D8E113200C4D609 /* FullScreenImage */,
			);
			path = ViewControllers;
			sourceTree = "<group>";
		};
		6DC586112D8CB57700DA03AA /* PoducersCollectionView */ = {
			isa = PBXGroup;
			children = (
				6DC586122D8CB59C00DA03AA /* MWLProducersCollectionView.swift */,
				6DC586142D8CB95500DA03AA /* MWLProducerViewCell.swift */,
			);
			path = PoducersCollectionView;
			sourceTree = "<group>";
		};
		6DE6D1FC2D75F4D90062DF6F /* Base */ = {
			isa = PBXGroup;
			children = (
				6D838E3B2D6BBADA0034162D /* MovieListVC.swift */,
				6D63B6ED2D85DC57002E2136 /* MovieListDelegate.swift */,
			);
			path = Base;
			sourceTree = "<group>";
		};
		6DE880742D637B8700CD56AD /* Home */ = {
			isa = PBXGroup;
			children = (
				6DA651E42D9CB3F500A7587B /* Views */,
				6DA651E32D9CB3ED00A7587B /* ViewControllers */,
				6DA651E22D9CB3DC00A7587B /* ViewModel */,
				6DA651DF2D9CB39C00A7587B /* Services */,
				6D838E382D6BB7730034162D /* CustomVC */,
			);
			path = Home;
			sourceTree = "<group>";
		};
		6DE8807F2D639B3900CD56AD /* Managers */ = {
			isa = PBXGroup;
			children = (
				6DE880802D639B4400CD56AD /* EnvManager.swift */,
				6D1F07472D94CD7B002EEF4C /* PersistenceManager.swift */,
			);
			path = Managers;
			sourceTree = "<group>";
		};
		6DE880822D639C1400CD56AD /* Models */ = {
			isa = PBXGroup;
			children = (
				6D67AD132D84DABC00CE18F6 /* ShowResponseModel.swift */,
				6DB9DF0D2D8758790038D604 /* CreditsModel.swift */,
				6DAB69242D884AA400ABC2A8 /* ShowDetailsModel.swift */,
				6D59CAB42D89AE6400AB1ACA /* VideosModel.swift */,
				6D06C0982D8AEB81007F01E1 /* PersonModel.swift */,
				6DFBA84E2D93745A007F8DEE /* SearchResponse.swift */,
				6D1F07492D94D5A8002EEF4C /* MediaModel.swift */,
				6D7D8B792D956F37001BAC07 /* FavoriteModel.swift */,
				6D0153DC2D9706E200E443C2 /* AuthModels.swift */,
				6D0726762D985FC700CB6C40 /* UserModel.swift */,
				6D9578292D99DB0500446066 /* MediaStatesModel.swift */,
			);
			path = Models;
			sourceTree = "<group>";
		};
		6DE880872D63AC3600CD56AD /* Services */ = {
			isa = PBXGroup;
			children = (
				6D67AD112D84D76100CE18F6 /* ShowService.swift */,
				6DCEF8092D752AB800864888 /* ImageService.swift */,
				6DC532BA2D9795D000E15FE0 /* AuthService.swift */,
				6DC532BF2D97970A00E15FE0 /* RequestService.swift */,
				6D0726782D98994100CB6C40 /* FavoriteService.swift */,
				6DCD6C862D9B47BB00A5A7FC /* WatchListService.swift */,
				6DB3167D2D9C21F700467CE3 /* ShowDetailsService.swift */,
				6DAE01212D9F06070065824D /* RatedService.swift */,
				6D903D9F2DA1A3F700ED47B9 /* PersonService.swift */,
			);
			path = Services;
			sourceTree = "<group>";
		};
		6DE8808C2D63D5E400CD56AD /* CustomViews */ = {
			isa = PBXGroup;
			children = (
				6DEA84A42D63DDB500418B2B /* MWLSegmentedFilter.swift */,
			);
			path = CustomViews;
			sourceTree = "<group>";
		};
/* End PBXGroup section */

/* Begin PBXNativeTarget section */
		6D8F05A42D628D5500FBBE4D /* My WatchList */ = {
			isa = PBXNativeTarget;
			buildConfigurationList = 6D8F05B92D628D5700FBBE4D /* Build configuration list for PBXNativeTarget "My WatchList" */;
			buildPhases = (
				F0D71DCAE20AB43B99E04FFD /* [CP] Check Pods Manifest.lock */,
				6D8F05A12D628D5500FBBE4D /* Sources */,
				6D53248A2D634FE900E15700 /* Swiftlint */,
				6D8F05A22D628D5500FBBE4D /* Frameworks */,
				6D8F05A32D628D5500FBBE4D /* Resources */,
				E5F80BCACE55C62BA77807A2 /* [CP] Embed Pods Frameworks */,
			);
			buildRules = (
			);
			dependencies = (
			);
			name = "My WatchList";
			productName = "My WatchList";
			productReference = 6D8F05A52D628D5500FBBE4D /* My WatchList.app */;
			productType = "com.apple.product-type.application";
		};
/* End PBXNativeTarget section */

/* Begin PBXProject section */
		6D8F059D2D628D5500FBBE4D /* Project object */ = {
			isa = PBXProject;
			attributes = {
				BuildIndependentTargetsInParallel = 1;
				LastSwiftUpdateCheck = 1530;
				LastUpgradeCheck = 1530;
				TargetAttributes = {
					6D8F05A42D628D5500FBBE4D = {
						CreatedOnToolsVersion = 15.3;
					};
				};
			};
			buildConfigurationList = 6D8F05A02D628D5500FBBE4D /* Build configuration list for PBXProject "My WatchList" */;
			compatibilityVersion = "Xcode 14.0";
			developmentRegion = en;
			hasScannedForEncodings = 0;
			knownRegions = (
				en,
				Base,
			);
			mainGroup = 6D8F059C2D628D5500FBBE4D;
			productRefGroup = 6D8F05A62D628D5500FBBE4D /* Products */;
			projectDirPath = "";
			projectRoot = "";
			targets = (
				6D8F05A42D628D5500FBBE4D /* My WatchList */,
			);
		};
/* End PBXProject section */

/* Begin PBXResourcesBuildPhase section */
		6D8F05A32D628D5500FBBE4D /* Resources */ = {
			isa = PBXResourcesBuildPhase;
			buildActionMask = 2147483647;
			files = (
				6DE880862D63AB4400CD56AD /* Config.xcconfig in Resources */,
				6D8F05B22D628D5700FBBE4D /* Assets.xcassets in Resources */,
				6DC349C42D9D9DD700AC2C6A /* ConfettiAnimation.json in Resources */,
				6D8F05B52D628D5700FBBE4D /* Base in Resources */,
			);
			runOnlyForDeploymentPostprocessing = 0;
		};
/* End PBXResourcesBuildPhase section */

/* Begin PBXShellScriptBuildPhase section */
		6D53248A2D634FE900E15700 /* Swiftlint */ = {
			isa = PBXShellScriptBuildPhase;
			buildActionMask = 8;
			files = (
			);
			inputFileListPaths = (
			);
			inputPaths = (
			);
			name = Swiftlint;
			outputFileListPaths = (
			);
			outputPaths = (
			);
			runOnlyForDeploymentPostprocessing = 1;
			shellPath = /bin/sh;
			shellScript = "# Type a script or drag a script file from your workspace to insert its path.\n\nif [[ \"$(uname -m)\" == arm64 ]]; then\n    export PATH=\"/opt/homebrew/bin:$PATH\"\nfi\n\nif which swiftlint > /dev/null; then\n    swiftlint --fix && swiftlint\nelse\n    Echo \"Swiftlint não instalado\"\nfi\n";
		};
		E5F80BCACE55C62BA77807A2 /* [CP] Embed Pods Frameworks */ = {
			isa = PBXShellScriptBuildPhase;
			buildActionMask = 2147483647;
			files = (
			);
			inputFileListPaths = (
				"${PODS_ROOT}/Target Support Files/Pods-My WatchList/Pods-My WatchList-frameworks-${CONFIGURATION}-input-files.xcfilelist",
			);
			name = "[CP] Embed Pods Frameworks";
			outputFileListPaths = (
				"${PODS_ROOT}/Target Support Files/Pods-My WatchList/Pods-My WatchList-frameworks-${CONFIGURATION}-output-files.xcfilelist",
			);
			runOnlyForDeploymentPostprocessing = 0;
			shellPath = /bin/sh;
			shellScript = "\"${PODS_ROOT}/Target Support Files/Pods-My WatchList/Pods-My WatchList-frameworks.sh\"\n";
			showEnvVarsInLog = 0;
		};
		F0D71DCAE20AB43B99E04FFD /* [CP] Check Pods Manifest.lock */ = {
			isa = PBXShellScriptBuildPhase;
			buildActionMask = 2147483647;
			files = (
			);
			inputFileListPaths = (
			);
			inputPaths = (
				"${PODS_PODFILE_DIR_PATH}/Podfile.lock",
				"${PODS_ROOT}/Manifest.lock",
			);
			name = "[CP] Check Pods Manifest.lock";
			outputFileListPaths = (
			);
			outputPaths = (
				"$(DERIVED_FILE_DIR)/Pods-My WatchList-checkManifestLockResult.txt",
			);
			runOnlyForDeploymentPostprocessing = 0;
			shellPath = /bin/sh;
			shellScript = "diff \"${PODS_PODFILE_DIR_PATH}/Podfile.lock\" \"${PODS_ROOT}/Manifest.lock\" > /dev/null\nif [ $? != 0 ] ; then\n    # print error to STDERR\n    echo \"error: The sandbox is not in sync with the Podfile.lock. Run 'pod install' or update your CocoaPods installation.\" >&2\n    exit 1\nfi\n# This output is used by Xcode 'outputs' to avoid re-running this script phase.\necho \"SUCCESS\" > \"${SCRIPT_OUTPUT_FILE_0}\"\n";
			showEnvVarsInLog = 0;
		};
/* End PBXShellScriptBuildPhase section */

/* Begin PBXSourcesBuildPhase section */
		6D8F05A12D628D5500FBBE4D /* Sources */ = {
			isa = PBXSourcesBuildPhase;
			buildActionMask = 2147483647;
			files = (
				6DAE01202D9F05930065824D /* RatedListPageViewVC.swift in Sources */,
				6D59CAB32D89AE0300AB1ACA /* MWLVideosCollectionView.swift in Sources */,
				6DB9DF102D875FDE0038D604 /* ShowDetailsViewModel.swift in Sources */,
				6D1F074F2D94D7F9002EEF4C /* MWLUsersMediaListView.swift in Sources */,
				6DB316792D9C0FFF00467CE3 /* WatchListPageViewVC.swift in Sources */,
				6DB816572D7E681C005CE913 /* ShowDetailsView.swift in Sources */,
				6D903D9B2DA1A19500ED47B9 /* MediaListView.swift in Sources */,
				6DE880812D639B4400CD56AD /* EnvManager.swift in Sources */,
				6D7D8B7A2D956F37001BAC07 /* FavoriteModel.swift in Sources */,
				6DAE011B2D9EBD510065824D /* PresentLoginProtocol.swift in Sources */,
				6D98DFEB2D91A4A000334F27 /* Int+Ext.swift in Sources */,
				6DE8807C2D637F1A00CD56AD /* UIImageView+Ext.swift in Sources */,
				6D1F07442D9495A4002EEF4C /* PresentVideoPlayerProtocol.swift in Sources */,
				6DC585FA2D8C3E9A00DA03AA /* MWLCreditsCollectionView.swift in Sources */,
				6D903DA02DA1A3F700ED47B9 /* PersonService.swift in Sources */,
				6DB3166E2D9C047700467CE3 /* FavoritesPageViewVC.swift in Sources */,
				6DEA84A52D63DDB500418B2B /* MWLSegmentedFilter.swift in Sources */,
				6DB0A71D2D88D317002A57BD /* MWLCastViewCell.swift in Sources */,
				6D8F05A92D628D5500FBBE4D /* AppDelegate.swift in Sources */,
				6D63B6F42D85E6B7002E2136 /* ViewControllersFactory.swift in Sources */,
				6D95782A2D99DB0500446066 /* MediaStatesModel.swift in Sources */,
				6D2485082D9F52BF00A56FF2 /* LoginViewModel.swift in Sources */,
				6DAE01222D9F06070065824D /* RatedService.swift in Sources */,
				6D5B82952D8A0546003C1695 /* MWLThumbViewCell.swift in Sources */,
				6D0726792D98994100CB6C40 /* FavoriteService.swift in Sources */,
				6DE880762D637B9600CD56AD /* HomeVC.swift in Sources */,
				6DE6D2022D75FC0A0062DF6F /* AiringTodayShowsListVC.swift in Sources */,
				6D06C0A32D8AEDE2007F01E1 /* PersonDetailsViewModel.swift in Sources */,
				6D1F07422D949219002EEF4C /* PresentPersonDetailsProtocol.swift in Sources */,
				6DE880782D637D8200CD56AD /* SplashFlowDelegate.swift in Sources */,
				6DC532C02D97970A00E15FE0 /* RequestService.swift in Sources */,
				6D67AD122D84D76100CE18F6 /* ShowService.swift in Sources */,
				6DC532BE2D97961B00E15FE0 /* Constants.swift in Sources */,
				6D59CAB12D89A48000AB1ACA /* MWLCastCollectionView.swift in Sources */,
				6D06C0992D8AEB81007F01E1 /* PersonModel.swift in Sources */,
				6DC586062D8C802700DA03AA /* MWLImagesCollectionView.swift in Sources */,
				6DC532B92D97949D00E15FE0 /* ProfileViewModel.swift in Sources */,
				6DE8807A2D637ED000CD56AD /* HomeView.swift in Sources */,
				6D8F05C62D62942C00FBBE4D /* SplashView.swift in Sources */,
				6DE880732D637B1000CD56AD /* MWLTabBarController.swift in Sources */,
				6D0153E42D971A1A00E443C2 /* URL+Ext.swift in Sources */,
				6D69FD402D9D64DB00E5953A /* LoginView.swift in Sources */,
				6DC585F72D8C37E200DA03AA /* String+Ext.swift in Sources */,
				6DE6D1FB2D75F0640062DF6F /* PopularMoviesListVC.swift in Sources */,
				6D903D9E2DA1A36C00ED47B9 /* MediaListViewModel.swift in Sources */,
				6D59CAB52D89AE6400AB1ACA /* VideosModel.swift in Sources */,
				6DB9DF0E2D8758790038D604 /* CreditsModel.swift in Sources */,
				6DB0A71A2D88D061002A57BD /* PersonAvatar.swift in Sources */,
				6DB3167E2D9C21F700467CE3 /* ShowDetailsService.swift in Sources */,
				6D06C0A62D8AF1E7007F01E1 /* ShowDetailsFlowDelegate.swift in Sources */,
				6DE6D2002D75FBDD0062DF6F /* TopRatedMoviesListVC.swift in Sources */,
				6D66DF442D99E00C00934FB1 /* MWLPageViewVC.swift in Sources */,
				6D903D972DA1A16E00ED47B9 /* MediaListVC.swift in Sources */,
				6DC586152D8CB95500DA03AA /* MWLProducerViewCell.swift in Sources */,
				6D8F05C92D62947300FBBE4D /* UIViewController+Ext.swift in Sources */,
				6DABC6782D8E1B4600C4D609 /* SearchVC.swift in Sources */,
				6D06C09C2D8AECA3007F01E1 /* PersonDetailsView.swift in Sources */,
				6D63B6F22D85E598002E2136 /* ViewControllersFactoryProtocol.swift in Sources */,
				6D838E3C2D6BBADA0034162D /* MovieListVC.swift in Sources */,
				6DC586012D8C510400DA03AA /* UILabel+Ext.swift in Sources */,
				6D0153DD2D9706E200E443C2 /* AuthModels.swift in Sources */,
				6D1F07402D949173002EEF4C /* PresentShowDetailsProtocol.swift in Sources */,
				6DE6D1FE2D75F4F70062DF6F /* PopularShowsListVC.swift in Sources */,
				6DC5860E2D8CAE1E00DA03AA /* FullScreenImageViewVC.swift in Sources */,
				6D7E1B242D9071C2008FE265 /* MWLDataLoadingVC.swift in Sources */,
				6DA651E12D9CB3B400A7587B /* BannerService.swift in Sources */,
				6D838E402D6BBD760034162D /* ShowCollectionViewCell.swift in Sources */,
				6DC586132D8CB59C00DA03AA /* MWLProducersCollectionView.swift in Sources */,
				6D112A572D942B6600D971A7 /* UIHelper.swift in Sources */,
				6DC5860A2D8C8F0400DA03AA /* UICollectionView+Ext.swift in Sources */,
				6D1F07482D94CD7B002EEF4C /* PersistenceManager.swift in Sources */,
				6D8F05AB2D628D5500FBBE4D /* SceneDelegate.swift in Sources */,
				6D10A3722D6BAB1400F3FF7A /* UIView+Ext.swift in Sources */,
				6DC349D02D9DA82500AC2C6A /* UpcomingMoviesListVC.swift in Sources */,
				6DB0AF792D9DE11D00E86959 /* RatingVC.swift in Sources */,
				6DC349C82D9D9FDF00AC2C6A /* MWLSuccessLoginVC.swift in Sources */,
				6D06C0A12D8AED4A007F01E1 /* PersonDetailsVC.swift in Sources */,
				6DABC67A2D8E1B8D00C4D609 /* SearchView.swift in Sources */,
				6D838E3A2D6BB7D20034162D /* BannerVC.swift in Sources */,
				6D1F07462D94C872002EEF4C /* BannerDelegate.swift in Sources */,
				6D903DA32DA1C5A100ED47B9 /* MediaListFlowDelegate.swift in Sources */,
				6D67AD142D84DABC00CE18F6 /* ShowResponseModel.swift in Sources */,
				6DFBA84F2D93745A007F8DEE /* SearchResponse.swift in Sources */,
				6DC585FD2D8C46A000DA03AA /* PersonDetailsFlowDelegate.swift in Sources */,
				6DB816552D7E5767005CE913 /* ShowDetailsVC.swift in Sources */,
				6D63B6EE2D85DC57002E2136 /* MovieListDelegate.swift in Sources */,
				6DC532BB2D9795D000E15FE0 /* AuthService.swift in Sources */,
				6DAE011D2D9ED33F0065824D /* Float+Ext.swift in Sources */,
				6DC586082D8C809E00DA03AA /* MWLImageViewCell.swift in Sources */,
				6DB316712D9C08FF00467CE3 /* MWLUsersMediaListVC.swift in Sources */,
				6DAE01182D9EB1560065824D /* RatingView.swift in Sources */,
				6D0153E02D970D0D00E443C2 /* ProfileVC.swift in Sources */,
				6DC349CC2D9DA7A500AC2C6A /* OnTheAirShowListVC.swift in Sources */,
				6DC586032D8C564B00DA03AA /* VideoPlayerViewController.swift in Sources */,
				6D112A502D94234A00D971A7 /* SearchViewModel.swift in Sources */,
				6DC349CA2D9DA6FA00AC2C6A /* TopRatedShowListVC.swift in Sources */,
				6D63B6F62D85E893002E2136 /* TabBarFlowDelegate.swift in Sources */,
				6D903DA52DA1D2AB00ED47B9 /* PresentMediaListProtocol.swift in Sources */,
				6DE8808B2D63ACD300CD56AD /* MWLError.swift in Sources */,
				6DAB69252D884AA400ABC2A8 /* ShowDetailsModel.swift in Sources */,
				6D112A532D94297300D971A7 /* MWLSearchResultCollectionViewCell.swift in Sources */,
				6DCD6C872D9B47BB00A5A7FC /* WatchListService.swift in Sources */,
				6DC349C22D9D7D4400AC2C6A /* MWLBaseViewController.swift in Sources */,
				6DCEF80A2D752AB800864888 /* ImageService.swift in Sources */,
				6DAE01272D9F2B470065824D /* ResetAppProtocol.swift in Sources */,
				6DC532B72D97948800E15FE0 /* ProfileView.swift in Sources */,
				6D8F05C42D62941000FBBE4D /* SplashVC.swift in Sources */,
				6D1F074A2D94D5A8002EEF4C /* MediaModel.swift in Sources */,
				6DC586102D8CB23E00DA03AA /* FullScreenImageProtocol.swift in Sources */,
				6D69FD3D2D9D553500E5953A /* MWLButton.swift in Sources */,
				6DC349D32D9DC3F100AC2C6A /* LoginVC.swift in Sources */,
				6DC349CE2D9DA7D700AC2C6A /* PlayingNowMovieListVC.swift in Sources */,
				6D1F07512D94D8DA002EEF4C /* MWLUsersMediaViewModel.swift in Sources */,
				6DA651E62D9CB47D00A7587B /* BannerViewModel.swift in Sources */,
				6D8F05CC2D6294E000FBBE4D /* MWLFlowCoordinator.swift in Sources */,
				6D67AD162D84DCD900CE18F6 /* ShowViewModel.swift in Sources */,
				6D0726772D985FC700CB6C40 /* UserModel.swift in Sources */,
			);
			runOnlyForDeploymentPostprocessing = 0;
		};
/* End PBXSourcesBuildPhase section */

/* Begin PBXVariantGroup section */
		6D8F05B32D628D5700FBBE4D /* LaunchScreen.storyboard */ = {
			isa = PBXVariantGroup;
			children = (
				6D8F05B42D628D5700FBBE4D /* Base */,
			);
			name = LaunchScreen.storyboard;
			sourceTree = "<group>";
		};
/* End PBXVariantGroup section */

/* Begin XCBuildConfiguration section */
		6D8F05B72D628D5700FBBE4D /* Debug */ = {
			isa = XCBuildConfiguration;
			baseConfigurationReference = 6DE880852D63AB4400CD56AD /* Config.xcconfig */;
			buildSettings = {
				ALWAYS_SEARCH_USER_PATHS = NO;
				ASSETCATALOG_COMPILER_GENERATE_SWIFT_ASSET_SYMBOL_EXTENSIONS = YES;
				CLANG_ANALYZER_NONNULL = YES;
				CLANG_ANALYZER_NUMBER_OBJECT_CONVERSION = YES_AGGRESSIVE;
				CLANG_CXX_LANGUAGE_STANDARD = "gnu++20";
				CLANG_ENABLE_MODULES = YES;
				CLANG_ENABLE_OBJC_ARC = YES;
				CLANG_ENABLE_OBJC_WEAK = YES;
				CLANG_WARN_BLOCK_CAPTURE_AUTORELEASING = YES;
				CLANG_WARN_BOOL_CONVERSION = YES;
				CLANG_WARN_COMMA = YES;
				CLANG_WARN_CONSTANT_CONVERSION = YES;
				CLANG_WARN_DEPRECATED_OBJC_IMPLEMENTATIONS = YES;
				CLANG_WARN_DIRECT_OBJC_ISA_USAGE = YES_ERROR;
				CLANG_WARN_DOCUMENTATION_COMMENTS = YES;
				CLANG_WARN_EMPTY_BODY = YES;
				CLANG_WARN_ENUM_CONVERSION = YES;
				CLANG_WARN_INFINITE_RECURSION = YES;
				CLANG_WARN_INT_CONVERSION = YES;
				CLANG_WARN_NON_LITERAL_NULL_CONVERSION = YES;
				CLANG_WARN_OBJC_IMPLICIT_RETAIN_SELF = YES;
				CLANG_WARN_OBJC_LITERAL_CONVERSION = YES;
				CLANG_WARN_OBJC_ROOT_CLASS = YES_ERROR;
				CLANG_WARN_QUOTED_INCLUDE_IN_FRAMEWORK_HEADER = YES;
				CLANG_WARN_RANGE_LOOP_ANALYSIS = YES;
				CLANG_WARN_STRICT_PROTOTYPES = YES;
				CLANG_WARN_SUSPICIOUS_MOVE = YES;
				CLANG_WARN_UNGUARDED_AVAILABILITY = YES_AGGRESSIVE;
				CLANG_WARN_UNREACHABLE_CODE = YES;
				CLANG_WARN__DUPLICATE_METHOD_MATCH = YES;
				COPY_PHASE_STRIP = NO;
				DEBUG_INFORMATION_FORMAT = dwarf;
				ENABLE_STRICT_OBJC_MSGSEND = YES;
				ENABLE_TESTABILITY = YES;
				ENABLE_USER_SCRIPT_SANDBOXING = NO;
				GCC_C_LANGUAGE_STANDARD = gnu17;
				GCC_DYNAMIC_NO_PIC = NO;
				GCC_NO_COMMON_BLOCKS = YES;
				GCC_OPTIMIZATION_LEVEL = 0;
				GCC_PREPROCESSOR_DEFINITIONS = (
					"DEBUG=1",
					"$(inherited)",
				);
				GCC_WARN_64_TO_32_BIT_CONVERSION = YES;
				GCC_WARN_ABOUT_RETURN_TYPE = YES_ERROR;
				GCC_WARN_UNDECLARED_SELECTOR = YES;
				GCC_WARN_UNINITIALIZED_AUTOS = YES_AGGRESSIVE;
				GCC_WARN_UNUSED_FUNCTION = YES;
				GCC_WARN_UNUSED_VARIABLE = YES;
				IPHONEOS_DEPLOYMENT_TARGET = 17.4;
				LOCALIZATION_PREFERS_STRING_CATALOGS = YES;
				MTL_ENABLE_DEBUG_INFO = INCLUDE_SOURCE;
				MTL_FAST_MATH = YES;
				ONLY_ACTIVE_ARCH = YES;
				SDKROOT = iphoneos;
				SWIFT_ACTIVE_COMPILATION_CONDITIONS = "DEBUG $(inherited)";
				SWIFT_OPTIMIZATION_LEVEL = "-Onone";
			};
			name = Debug;
		};
		6D8F05B82D628D5700FBBE4D /* Release */ = {
			isa = XCBuildConfiguration;
			baseConfigurationReference = 6DE880852D63AB4400CD56AD /* Config.xcconfig */;
			buildSettings = {
				ALWAYS_SEARCH_USER_PATHS = NO;
				ASSETCATALOG_COMPILER_GENERATE_SWIFT_ASSET_SYMBOL_EXTENSIONS = YES;
				CLANG_ANALYZER_NONNULL = YES;
				CLANG_ANALYZER_NUMBER_OBJECT_CONVERSION = YES_AGGRESSIVE;
				CLANG_CXX_LANGUAGE_STANDARD = "gnu++20";
				CLANG_ENABLE_MODULES = YES;
				CLANG_ENABLE_OBJC_ARC = YES;
				CLANG_ENABLE_OBJC_WEAK = YES;
				CLANG_WARN_BLOCK_CAPTURE_AUTORELEASING = YES;
				CLANG_WARN_BOOL_CONVERSION = YES;
				CLANG_WARN_COMMA = YES;
				CLANG_WARN_CONSTANT_CONVERSION = YES;
				CLANG_WARN_DEPRECATED_OBJC_IMPLEMENTATIONS = YES;
				CLANG_WARN_DIRECT_OBJC_ISA_USAGE = YES_ERROR;
				CLANG_WARN_DOCUMENTATION_COMMENTS = YES;
				CLANG_WARN_EMPTY_BODY = YES;
				CLANG_WARN_ENUM_CONVERSION = YES;
				CLANG_WARN_INFINITE_RECURSION = YES;
				CLANG_WARN_INT_CONVERSION = YES;
				CLANG_WARN_NON_LITERAL_NULL_CONVERSION = YES;
				CLANG_WARN_OBJC_IMPLICIT_RETAIN_SELF = YES;
				CLANG_WARN_OBJC_LITERAL_CONVERSION = YES;
				CLANG_WARN_OBJC_ROOT_CLASS = YES_ERROR;
				CLANG_WARN_QUOTED_INCLUDE_IN_FRAMEWORK_HEADER = YES;
				CLANG_WARN_RANGE_LOOP_ANALYSIS = YES;
				CLANG_WARN_STRICT_PROTOTYPES = YES;
				CLANG_WARN_SUSPICIOUS_MOVE = YES;
				CLANG_WARN_UNGUARDED_AVAILABILITY = YES_AGGRESSIVE;
				CLANG_WARN_UNREACHABLE_CODE = YES;
				CLANG_WARN__DUPLICATE_METHOD_MATCH = YES;
				COPY_PHASE_STRIP = NO;
				DEBUG_INFORMATION_FORMAT = "dwarf-with-dsym";
				ENABLE_NS_ASSERTIONS = NO;
				ENABLE_STRICT_OBJC_MSGSEND = YES;
				ENABLE_USER_SCRIPT_SANDBOXING = NO;
				GCC_C_LANGUAGE_STANDARD = gnu17;
				GCC_NO_COMMON_BLOCKS = YES;
				GCC_WARN_64_TO_32_BIT_CONVERSION = YES;
				GCC_WARN_ABOUT_RETURN_TYPE = YES_ERROR;
				GCC_WARN_UNDECLARED_SELECTOR = YES;
				GCC_WARN_UNINITIALIZED_AUTOS = YES_AGGRESSIVE;
				GCC_WARN_UNUSED_FUNCTION = YES;
				GCC_WARN_UNUSED_VARIABLE = YES;
				IPHONEOS_DEPLOYMENT_TARGET = 17.4;
				LOCALIZATION_PREFERS_STRING_CATALOGS = YES;
				MTL_ENABLE_DEBUG_INFO = NO;
				MTL_FAST_MATH = YES;
				SDKROOT = iphoneos;
				SWIFT_COMPILATION_MODE = wholemodule;
				VALIDATE_PRODUCT = YES;
			};
			name = Release;
		};
		6D8F05BA2D628D5700FBBE4D /* Debug */ = {
			isa = XCBuildConfiguration;
			baseConfigurationReference = D96FDCDA31DC901D5AE220AC /* Pods-My WatchList.debug.xcconfig */;
			buildSettings = {
				ASSETCATALOG_COMPILER_APPICON_NAME = AppIcon;
				ASSETCATALOG_COMPILER_GLOBAL_ACCENT_COLOR_NAME = AccentColor;
				CODE_SIGN_STYLE = Automatic;
				CURRENT_PROJECT_VERSION = 1;
				DEVELOPMENT_TEAM = "";
				GENERATE_INFOPLIST_FILE = YES;
				INFOPLIST_FILE = "My WatchList/Info.plist";
				INFOPLIST_KEY_CFBundleDisplayName = "";
				INFOPLIST_KEY_LSApplicationCategoryType = "";
				INFOPLIST_KEY_UIApplicationSupportsIndirectInputEvents = YES;
				INFOPLIST_KEY_UILaunchStoryboardName = LaunchScreen;
				INFOPLIST_KEY_UISupportedInterfaceOrientations_iPad = "UIInterfaceOrientationPortrait UIInterfaceOrientationPortraitUpsideDown UIInterfaceOrientationLandscapeLeft UIInterfaceOrientationLandscapeRight";
				INFOPLIST_KEY_UISupportedInterfaceOrientations_iPhone = "UIInterfaceOrientationPortrait UIInterfaceOrientationLandscapeLeft UIInterfaceOrientationLandscapeRight";
				LD_RUNPATH_SEARCH_PATHS = (
					"$(inherited)",
					"@executable_path/Frameworks",
				);
				MARKETING_VERSION = 1.0;
				PRODUCT_BUNDLE_IDENTIFIER = "com.edgar.My-WatchList";
				PRODUCT_NAME = "$(TARGET_NAME)";
				SWIFT_EMIT_LOC_STRINGS = YES;
				SWIFT_VERSION = 5.0;
				TARGETED_DEVICE_FAMILY = "1,2";
			};
			name = Debug;
		};
		6D8F05BB2D628D5700FBBE4D /* Release */ = {
			isa = XCBuildConfiguration;
			baseConfigurationReference = 9DFAAC88FE879C8728D3F699 /* Pods-My WatchList.release.xcconfig */;
			buildSettings = {
				ASSETCATALOG_COMPILER_APPICON_NAME = AppIcon;
				ASSETCATALOG_COMPILER_GLOBAL_ACCENT_COLOR_NAME = AccentColor;
				CODE_SIGN_STYLE = Automatic;
				CURRENT_PROJECT_VERSION = 1;
				DEVELOPMENT_TEAM = "";
				GENERATE_INFOPLIST_FILE = YES;
				INFOPLIST_FILE = "My WatchList/Info.plist";
				INFOPLIST_KEY_CFBundleDisplayName = "";
				INFOPLIST_KEY_LSApplicationCategoryType = "";
				INFOPLIST_KEY_UIApplicationSupportsIndirectInputEvents = YES;
				INFOPLIST_KEY_UILaunchStoryboardName = LaunchScreen;
				INFOPLIST_KEY_UISupportedInterfaceOrientations_iPad = "UIInterfaceOrientationPortrait UIInterfaceOrientationPortraitUpsideDown UIInterfaceOrientationLandscapeLeft UIInterfaceOrientationLandscapeRight";
				INFOPLIST_KEY_UISupportedInterfaceOrientations_iPhone = "UIInterfaceOrientationPortrait UIInterfaceOrientationLandscapeLeft UIInterfaceOrientationLandscapeRight";
				LD_RUNPATH_SEARCH_PATHS = (
					"$(inherited)",
					"@executable_path/Frameworks",
				);
				MARKETING_VERSION = 1.0;
				PRODUCT_BUNDLE_IDENTIFIER = "com.edgar.My-WatchList";
				PRODUCT_NAME = "$(TARGET_NAME)";
				SWIFT_EMIT_LOC_STRINGS = YES;
				SWIFT_VERSION = 5.0;
				TARGETED_DEVICE_FAMILY = "1,2";
			};
			name = Release;
		};
/* End XCBuildConfiguration section */

/* Begin XCConfigurationList section */
		6D8F05A02D628D5500FBBE4D /* Build configuration list for PBXProject "My WatchList" */ = {
			isa = XCConfigurationList;
			buildConfigurations = (
				6D8F05B72D628D5700FBBE4D /* Debug */,
				6D8F05B82D628D5700FBBE4D /* Release */,
			);
			defaultConfigurationIsVisible = 0;
			defaultConfigurationName = Release;
		};
		6D8F05B92D628D5700FBBE4D /* Build configuration list for PBXNativeTarget "My WatchList" */ = {
			isa = XCConfigurationList;
			buildConfigurations = (
				6D8F05BA2D628D5700FBBE4D /* Debug */,
				6D8F05BB2D628D5700FBBE4D /* Release */,
			);
			defaultConfigurationIsVisible = 0;
			defaultConfigurationName = Release;
		};
/* End XCConfigurationList section */
	};
	rootObject = 6D8F059D2D628D5500FBBE4D /* Project object */;
}
